github.com/StackExchange/dnscontrol/v4 v4.12.5 h1:nBNWlqWZiKdciO/EbfvnB+6LwKyPCyVdOGupA6henbQ=
github.com/StackExchange/dnscontrol/v4 v4.12.5/go.mod h1:TmeUpspmlSV7/7a23gyGMncDsWXD2TowMdO3iZQQva8=
github.com/StackExchange/dnscontrol/v4 v4.13.0 h1:PoIx3WUdiUcyvirvD+YiBvutPhyc52Hpsgc+8052fqw=
github.com/StackExchange/dnscontrol/v4 v4.13.0/go.mod h1:JZ9j37FD/5M3IT7rPI91NrvAPLaEnG5Soplr6CMZuNI=
github.com/StackExchange/dnscontrol/v4 v4.14.0 h1:l6g+p7gh71cBkM46KWS/HZJPARdidQKyN4n2Ut85Myo=
github.com/StackExchange/dnscontrol/v4 v4.14.0/go.mod h1:arTd0zByGLx7YNtUI2tEKbYZodV18M4+ynrTeb41dtE=
github.com/StackExchange/dnscontrol/v4 v4.14.1 h1:TwzuRSRgDoY7lwPW7gENmMl+Jp6rKCGsb61fhhTBdcM=
github.com/StackExchange/dnscontrol/v4 v4.14.1/go.mod h1:KMIkwsDeJjR7rruTjKGwyabmq5r1YvwZOGsIZRFIX2s=
github.com/StackExchange/dnscontrol/v4 v4.14.2 h1:aCsrgaYh5MYZ/2dGCStyINZqNdZUMs+FbT1FPfK1eis=
github.com/StackExchange/dnscontrol/v4 v4.14.2/go.mod h1:pfqQnFfBIogy1VX2VYS7/I1b2t9p3vfOKc5wVxOz+Vo=
github.com/StackExchange/dnscontrol/v4 v4.14.3 h1:Xe+Z+8HIeOiDRr0UsGtgYw7E+oWANrG2RiUrjKdboaw=
github.com/StackExchange/dnscontrol/v4 v4.14.3/go.mod h1:VDQiUU0nXbEFGGBy/pNUTEbCYLrTh467StFlE6sTPwU=
github.com/StackExchange/dnscontrol/v4 v4.15.0 h1:+x2MCkJcwQnQyxJviBFdg5ioHdQFalj1EQLY2r1hw6E=
github.com/StackExchange/dnscontrol/v4 v4.15.0/go.mod h1:UEIK0BEzzDWqe6d0jJA5Y0HkicMRmdiiy7b9wIx7c4E=
github.com/StackExchange/dnscontrol/v4 v4.15.1 h1:pzU72E57vBi2S6kbefFz7Ve2DOwq5UyLYM5itg46z4M=
github.com/StackExchange/dnscontrol/v4 v4.15.1/go.mod h1:UEIK0BEzzDWqe6d0jJA5Y0HkicMRmdiiy7b9wIx7c4E=
github.com/StackExchange/dnscontrol/v4 v4.15.2 h1:5o5NZDrL9v6o2OQG8s+SVRbzXF3wWS+ovhLhOZcjv7A=
github.com/StackExchange/dnscontrol/v4 v4.15.2/go.mod h1:lT74l6nVjc+5UWoQP9GNKZMQk6uYptQSQDh+eWngYsk=
github.com/StackExchange/dnscontrol/v4 v4.15.3 h1:phuq3jhlFWbw9MnQ3rKoiBqk52cHLHUxg/mryyK2yWE=
github.com/StackExchange/dnscontrol/v4 v4.15.3/go.mod h1:HE4+nOfNrD5+sPZPfKHaY+pW4W73IthvmpsFdbiNHvw=
github.com/StackExchange/dnscontrol/v4 v4.15.5 h1:kolSiP2+qpvDN0DibLsoQfdkNYHsUNQWH6oIgqbpBIc=
github.com/StackExchange/dnscontrol/v4 v4.15.5/go.mod h1:uT7cjJpRdk/kyK+Xq22LKBM4pirBtAKtAnmXZZk+mkc=
github.com/StackExchange/dnscontrol/v4 v4.15.6 h1:7NfSHrgv/a+q4BmiI5BTpUysGoZQzkamPh/SHmaBGG8=
github.com/StackExchange/dnscontrol/v4 v4.15.6/go.mod h1:PvEl7sCKzTWp5sMJ5NYrsXMBcLgam03Q9dmeVtFEimA=
github.com/StackExchange/dnscontrol/v4 v4.16.0 h1:5y58/hXzl7PZHTknVFXVmv8BdqCCtfK9LCyR0Dau1Wk=
github.com/StackExchange/dnscontrol/v4 v4.16.0/go.mod h1:/9VsNfLPb0+58mlv1GPPtgn2NbO2fxNbyS4oMeI6xm4=
github.com/StackExchange/dnscontrol/v4 v4.17.0 h1:aFlrIeeIFPJxFQieZjobNi1Ojbf7vq5jzQ8oeENQlGg=
github.com/StackExchange/dnscontrol/v4 v4.17.0/go.mod h1:YK2o/0LdJX4JxwiOYeRuqy26KqpzRAnFzUO8WYSPEkg=
github.com/StackExchange/dnscontrol/v4 v4.18.0 h1:Qn7PTCLefc76VvjPNVZwHfnGnVaqEOEzaGHQIpaU/ko=
github.com/StackExchange/dnscontrol/v4 v4.18.0/go.mod h1:OLTYvkaISJUIgUB0BRmHYXuL55t4ftjppl9jZZpvDDY=
github.com/StackExchange/dnscontrol/v4 v4.19.0 h1:ASU6isuiWmDpAu6L19yYc0qVETnbR79w4YcfuBBSsoM=
github.com/StackExchange/dnscontrol/v4 v4.19.0/go.mod h1:/aLJqaqAH0h2yF8ZfZ1hmHy+CD6AHvLaJ24KOq+0VSg=
github.com/StackExchange/dnscontrol/v4 v4.20.0 h1:RNFTK5v+fH/2Pp30h9KtUmQqX7yB/zlmeOIyJEp+aZM=
github.com/StackExchange/dnscontrol/v4 v4.20.0/go.mod h1:afqBBmcUC3XUN0FyhWPxeTfoIt7vt1yAEu9h6BCsYjs=
github.com/StackExchange/dnscontrol/v4 v4.21.0 h1:nqVFhxFk5xNa9p2NGwcdEPMOedV1zGBFjXflbOmtzCk=
github.com/StackExchange/dnscontrol/v4 v4.21.0/go.mod h1:8wlINiqlGMIKU2xxUxfqXq7/eAde5swCu6YRPmVfijs=
github.com/StackExchange/dnscontrol/v4 v4.22.0 h1:re0+ma7eZnqL/JSakXDcO1RV00jqYZBl9fXBMKSFBU0=
github.com/StackExchange/dnscontrol/v4 v4.22.0/go.mod h1:FDe5QDqPN6ntX50qhiUIAZZvYjHdjI3ZMQbCl8j5Kb0=
github.com/StackExchange/dnscontrol/v4 v4.23.0 h1:JJyJsu+YKSggLKHb1ge4LKfZbdD/Zuf0i62DWAsuE74=
github.com/StackExchange/dnscontrol/v4 v4.23.0/go.mod h1:WtiCdAHpfdvlzeTX8KMtVj95W82Woo9DEQw9Nd2+MgY=
github.com/StackExchange/dnscontrol/v4 v4.24.0 h1:JnvBNRM9kJA/eBnRcXcgqYHe7YvGUtEQ+S7cCsqPskY=
github.com/StackExchange/dnscontrol/v4 v4.24.0/go.mod h1:GJ4v4eUI8utq14bb5c9RphwN0DnNrjsNpCr1gH2/9CA=
github.com/StackExchange/dnscontrol/v4 v4.25.0 h1:SmgLsOq/EREku1e2f6XolLINW7/0DjYbo3Ggb20SfQg=
github.com/StackExchange/dnscontrol/v4 v4.25.0/go.mod h1:wrTQI36ZIGcpxgp8+b9d6ebzBqkz0Q5+5tx+oGUTOo0=
github.com/StackExchange/dnscontrol/v4 v4.26.0 h1:/TT1HaW2uPklj+33RHDLN9N7v068tbU1pa8zYUnCnJs=
github.com/StackExchange/dnscontrol/v4 v4.26.0/go.mod h1:1u+qN3jpQdRqJIRToel+Cx4cDnALs9vjpFTe+fgvxPg=
github.com/StackExchange/dnscontrol/v4 v4.27.0 h1:fG0MZRdQ+pMew+vta3HyJMjDH3xUaDyl4EF8iKsaY+k=
github.com/StackExchange/dnscontrol/v4 v4.27.0/go.mod h1:mlMhNdXf0AgA8ChNXbLlcIOJfAHgHsi42OfUFL3TJfw=
github.com/StackExchange/dnscontrol/v4 v4.27.1 h1:IlY1aAaUm4ex6t2KlFIekPFdc8pJAdIJ9fAveDar/6k=
github.com/StackExchange/dnscontrol/v4 v4.27.1/go.mod h1:uSCu6JZcYQuOHhqScgstRqefC/sL0fPmrgpkzSU+TOo=
github.com/StackExchange/dnscontrol/v4 v4.28.0 h1:3/3OK6NKWtWdFvp23aEsWYGXFqZLkO1a1fIUFl+Cw3A=
github.com/StackExchange/dnscontrol/v4 v4.28.0/go.mod h1:LmPkyxt8SrzljRVS82B78779rjImo/5wIe7lUZfQmLs=
github.com/StackExchange/dnscontrol/v4 v4.28.1 h1:b6XgNUkz9Qy29I4ptSowD8O6OnKxn/PYGDt12g77V8k=
github.com/StackExchange/dnscontrol/v4 v4.28.1/go.mod h1:LmPkyxt8SrzljRVS82B78779rjImo/5wIe7lUZfQmLs=
github.com/StackExchange/dnscontrol/v4 v4.28.2 h1:i+oCtyPahIYQF9/DncdyCtMDW8KgHlrHXw5An2G+6u8=
github.com/StackExchange/dnscontrol/v4 v4.28.2/go.mod h1:MjvJDnzo0Rg5dufB2oCBS3HlPwPKqirnvukaQ072/9Y=
github.com/cpuguy83/go-md2man/v2 v2.0.4/go.mod h1:tgQtvFlXSQOSOSIRvRPT7W67SCa46tRHOmNcaadrF8o=
github.com/cpuguy83/go-md2man/v2 v2.0.6/go.mod h1:oOW0eioCTA6cOiMLiUPZOpcVxMig6NIQQ7OS05n1F4g=
github.com/davecgh/go-spew v1.1.0/go.mod h1:J7Y8YcW2NihsgmVo/mv3lAwl/skON4iLHjSsI+c5H38=
github.com/davecgh/go-spew v1.1.1 h1:vj9j/u1bqnvCEfJOwUhtlOARqs3+rkHYY13jYWTU97c=
github.com/davecgh/go-spew v1.1.1/go.mod h1:J7Y8YcW2NihsgmVo/mv3lAwl/skON4iLHjSsI+c5H38=
github.com/fatih/color v1.17.0 h1:GlRw1BRJxkpqUCBKzKOw098ed57fEsKeNjpTe3cSjK4=
github.com/fatih/color v1.17.0/go.mod h1:YZ7TlrGPkiz6ku9fK3TLD/pl3CpsiFyu8N92HLgmosI=
github.com/fatih/color v1.18.0 h1:S8gINlzdQ840/4pfAwic/ZE0djQEH3wM94VfqLTZcOM=
github.com/fatih/color v1.18.0/go.mod h1:4FelSpRwEGDpQ12mAdzqdOukCy4u8WUtOY6lkT/6HfU=
github.com/gobwas/glob v0.2.4-0.20181002190808-e7a84e9525fe h1:zn8tqiUbec4wR94o7Qj3LZCAT6uGobhEgnDRg6isG5U=
github.com/gobwas/glob v0.2.4-0.20181002190808-e7a84e9525fe/go.mod h1:d3Ez4x06l9bZtSvzIay5+Yzi0fmZzPgnTbPcKjJAkT8=
github.com/google/go-cmp v0.5.2/go.mod h1:v8dTdLbMG2kIc/vJvl+f65V22dbkXbowE6jgT/gNBxE=
github.com/google/go-cmp v0.6.0 h1:ofyhxvXcZhMsU5ulbFiLKl/XBFqE1GSq7atu8tAmTRI=
github.com/google/go-cmp v0.6.0/go.mod h1:17dUlkBOakJ0+DkrSSNjCkIjxS6bF9zb3elmeNGIjoY=
github.com/google/go-querystring v1.1.0 h1:AnCroh3fv4ZBgVIf1Iwtovgjaw/GiKJo8M8yD/fhyJ8=
github.com/google/go-querystring v1.1.0/go.mod h1:Kcdr2DB4koayq7X8pmAG4sNG59So17icRSOU623lUBU=
github.com/hashicorp/go-cleanhttp v0.5.2 h1:035FKYIWjmULyFRBKPs8TBQoi0x6d9G4xc9neXJWAZQ=
github.com/hashicorp/go-cleanhttp v0.5.2/go.mod h1:kO/YDlP8L1346E6Sodw+PrpBSV4/SoxCXGY6BqNFT48=
github.com/hashicorp/go-hclog v1.6.3 h1:Qr2kF+eVWjTiYmU7Y31tYlP1h0q/X3Nl3tPGdaB11/k=
github.com/hashicorp/go-hclog v1.6.3/go.mod h1:W4Qnvbt70Wk/zYJryRzDRU/4r0kIg0PVHBcfoyhpF5M=
github.com/hashicorp/go-retryablehttp v0.7.7 h1:C8hUCYzor8PIfXHa4UrZkU4VvK8o9ISHxT2Q8+VepXU=
github.com/hashicorp/go-retryablehttp v0.7.7/go.mod h1:pkQpWZeYWskR+D1tR2O5OcBFOxfA7DoAO6xtkuQnHTk=
github.com/hashicorp/go-retryablehttp v0.7.8 h1:ylXZWnqa7Lhqpk0L1P1LzDtGcCR0rPVUrx/c8Unxc48=
github.com/hashicorp/go-retryablehttp v0.7.8/go.mod h1:rjiScheydd+CxvumBsIrFKlx3iS0jrZ7LvzFGFmuKbw=
github.com/inconshreveable/mousetrap v1.1.0 h1:wN+x4NVGpMsO7ErUn/mUI3vEoE6Jt13X2s0bqwp9tc8=
github.com/inconshreveable/mousetrap v1.1.0/go.mod h1:vpF70FUmC8bwa3OWnCshd2FqLfsEA9PFc4w1p2J65bw=
github.com/jinzhu/copier v0.4.0 h1:w3ciUoD19shMCRargcpm0cm91ytaBhDvuRpz1ODO/U8=
github.com/jinzhu/copier v0.4.0/go.mod h1:DfbEm0FYsaqBcKcFuvmOZb218JkPGtvSHsKg8S8hyyg=
github.com/kylelemons/godebug v1.1.0 h1:RPNrshWIDI6G2gRW9EHilWtl7Z6Sb1BR0xunSBf0SNc=
github.com/kylelemons/godebug v1.1.0/go.mod h1:9/0rRGxNHcop5bhtWyNeEfOS8JIWk580+fNqagV/RAw=
github.com/mattn/go-colorable v0.1.13 h1:fFA4WZxdEF4tXPZVKMLwD8oUnCTTo08duU7wxecdEvA=
github.com/mattn/go-colorable v0.1.13/go.mod h1:7S9/ev0klgBDR4GtXTXX8a3vIGJpMovkB8vQcUbaXHg=
github.com/mattn/go-colorable v0.1.14 h1:9A9LHSqF/7dyVVX6g0U9cwm9pG3kP9gSzcuIPHPsaIE=
github.com/mattn/go-colorable v0.1.14/go.mod h1:6LmQG8QLFO4G5z1gPvYEzlUgJ2wF+stgPZH1UqBm1s8=
github.com/mattn/go-isatty v0.0.16/go.mod h1:kYGgaQfpe5nmfYZH+SKPsOc2e4SrIfOl2e/yFXSvRLM=
github.com/mattn/go-isatty v0.0.20 h1:xfD0iDuEKnDkl03q4limB+vH+GxLEtL/jb4xVJSWWEY=
github.com/mattn/go-isatty v0.0.20/go.mod h1:W+V8PltTTMOvKvAeJH7IuucS94S2C6jfK/D7dTCTo3Y=
github.com/miekg/dns v1.1.61 h1:nLxbwF3XxhwVSm8g9Dghm9MHPaUZuqhPiGL+675ZmEs=
github.com/miekg/dns v1.1.61/go.mod h1:mnAarhS3nWaW+NVP2wTkYVIZyHNJ098SJZUki3eykwQ=
github.com/miekg/dns v1.1.62 h1:cN8OuEF1/x5Rq6Np+h1epln8OiyPWV+lROx9LxcGgIQ=
github.com/miekg/dns v1.1.62/go.mod h1:mvDlcItzm+br7MToIKqkglaGhlFMHJ9DTNNWONWXbNQ=
github.com/miekg/dns v1.1.63 h1:8M5aAw6OMZfFXTT7K5V0Eu5YiiL8l7nUAkyN6C9YwaY=
github.com/miekg/dns v1.1.63/go.mod h1:6NGHfjhpmr5lt3XPLuyfDJi5AXbNIPM9PY6H6sF1Nfs=
github.com/miekg/dns v1.1.64 h1:wuZgD9wwCE6XMT05UU/mlSko71eRSXEAm2EbjQXLKnQ=
github.com/miekg/dns v1.1.64/go.mod h1:Dzw9769uoKVaLuODMDZz9M6ynFU6Em65csPuoi8G0ck=
github.com/miekg/dns v1.1.65 h1:0+tIPHzUW0GCge7IiK3guGP57VAw7hoPDfApjkMD1Fc=
github.com/miekg/dns v1.1.65/go.mod h1:Dzw9769uoKVaLuODMDZz9M6ynFU6Em65csPuoi8G0ck=
github.com/miekg/dns v1.1.66 h1:FeZXOS3VCVsKnEAd+wBkjMC3D2K+ww66Cq3VnCINuJE=
github.com/miekg/dns v1.1.66/go.mod h1:jGFzBsSNbJw6z1HYut1RKBKHA9PBdxeHrZG8J+gC2WE=
github.com/miekg/dns v1.1.67 h1:kg0EHj0G4bfT5/oOys6HhZw4vmMlnoZ+gDu8tJ/AlI0=
github.com/miekg/dns v1.1.67/go.mod h1:fujopn7TB3Pu3JM69XaawiU0wqjpL9/8xGop5UrTPps=
github.com/miekg/dns v1.1.68 h1:jsSRkNozw7G/mnmXULynzMNIsgY2dHC8LO6U6Ij2JEA=
github.com/miekg/dns v1.1.68/go.mod h1:fujopn7TB3Pu3JM69XaawiU0wqjpL9/8xGop5UrTPps=
github.com/miekg/dns v1.1.69 h1:Kb7Y/1Jo+SG+a2GtfoFUfDkG//csdRPwRLkCsxDG9Sc=
github.com/miekg/dns v1.1.69/go.mod h1:7OyjD9nEba5OkqQ/hB4fy3PIoxafSZJtducccIelz3g=
github.com/pkg/errors v0.9.1 h1:FEBLx1zS214owpjy7qsBeixbURkuhQAwrK5UwLGTwt4=
github.com/pkg/errors v0.9.1/go.mod h1:bwawxfHBFNV+L2hUp1rHADufV3IMtnDRdf1r5NINEl0=
github.com/pmezard/go-difflib v1.0.0 h1:4DBwDE0NGyQoBHbLQYPwSUPoCMWR5BEzIk/f1lZbAQM=
github.com/pmezard/go-difflib v1.0.0/go.mod h1:iKH77koFhYxTK1pcRnkKkqfTogsbg7gZNVY4sRDYZ/4=
github.com/qdm12/reprint v0.0.0-20200326205758-722754a53494 h1:wSmWgpuccqS2IOfmYrbRiUgv+g37W5suLLLxwwniTSc=
github.com/qdm12/reprint v0.0.0-20200326205758-722754a53494/go.mod h1:yipyliwI08eQ6XwDm1fEwKPdF/xdbkiHtrU+1Hg+vc4=
github.com/robertkrimen/otto v0.4.0 h1:/c0GRrK1XDPcgIasAsnlpBT5DelIeB9U/Z/JCQsgr7E=
github.com/robertkrimen/otto v0.4.0/go.mod h1:uW9yN1CYflmUQYvAMS0m+ZiNo3dMzRUDQJX0jWbzgxw=
github.com/russross/blackfriday/v2 v2.1.0/go.mod h1:+Rmxgy9KzJVeS9/2gXHxylqXiyQDYRxCVz55jmeOWTM=
github.com/spf13/cobra v1.8.1 h1:e5/vxKd/rZsfSJMUX1agtjeTDf+qv1/JdBF8gg5k9ZM=
github.com/spf13/cobra v1.8.1/go.mod h1:wHxEcudfqmLYa8iTfL+OuZPbBZkmvliBWKIezN3kD9Y=
github.com/spf13/cobra v1.9.1 h1:CXSaggrXdbHK9CF+8ywj8Amf7PBRmPCOJugH954Nnlo=
github.com/spf13/cobra v1.9.1/go.mod h1:nDyEzZ8ogv936Cinf6g1RU9MRY64Ir93oCnqb9wxYW0=
github.com/spf13/cobra v1.10.1 h1:lJeBwCfmrnXthfAupyUTzJ/J4Nc1RsHC/mSRU2dll/s=
github.com/spf13/cobra v1.10.1/go.mod h1:7SmJGaTHFVBY0jW4NXGluQoLvhqFQM+6XSKD+P4XaB0=
github.com/spf13/cobra v1.10.2 h1:DMTTonx5m65Ic0GOoRY2c16WCbHxOOw6xxezuLaBpcU=
github.com/spf13/cobra v1.10.2/go.mod h1:7C1pvHqHw5A4vrJfjNwvOdzYu0Gml16OCs2GRiTUUS4=
github.com/spf13/pflag v1.0.5 h1:iy+VFUOCP1a+8yFto/drg2CJ5u0yRoB7fZw3DKv/JXA=
github.com/spf13/pflag v1.0.5/go.mod h1:McXfInJRrz4CZXVZOBLb0bTZqETkiAhM9Iw0y3An2Bg=
github.com/spf13/pflag v1.0.6 h1:jFzHGLGAlb3ruxLB8MhbI6A8+AQX/2eW4qeyNZXNp2o=
github.com/spf13/pflag v1.0.6/go.mod h1:McXfInJRrz4CZXVZOBLb0bTZqETkiAhM9Iw0y3An2Bg=
github.com/spf13/pflag v1.0.9 h1:9exaQaMOCwffKiiiYk6/BndUBv+iRViNW+4lEMi0PvY=
github.com/spf13/pflag v1.0.9/go.mod h1:McXfInJRrz4CZXVZOBLb0bTZqETkiAhM9Iw0y3An2Bg=
github.com/spf13/pflag v1.0.10 h1:4EBh2KAYBwaONj6b2Ye1GiHfwjqyROoF4RwYO+vPwFk=
github.com/spf13/pflag v1.0.10/go.mod h1:McXfInJRrz4CZXVZOBLb0bTZqETkiAhM9Iw0y3An2Bg=
github.com/stretchr/objx v0.1.0/go.mod h1:HFkY916IF+rwdDfMAkV7OtwuqBVzrE8GR6GFx+wExME=
github.com/stretchr/testify v1.4.0/go.mod h1:j7eGeouHqKxXV5pUuKE4zz7dFj8WfuZ+81PSLYec5m4=
github.com/stretchr/testify v1.9.0 h1:HtqpIVDClZ4nwg75+f6Lvsy/wHu+3BoSGCbBAcpTsTg=
github.com/stretchr/testify v1.9.0/go.mod h1:r2ic/lqez/lEtzL7wO/rwa5dbSLXVDPFyf8C91i36aY=
github.com/xanzy/go-gitlab v0.107.0 h1:P2CT9Uy9yN9lJo3FLxpMZ4xj6uWcpnigXsjvqJ6nd2Y=
github.com/xanzy/go-gitlab v0.107.0/go.mod h1:wKNKh3GkYDMOsGmnfuX+ITCmDuSDWFO0G+C4AygL9RY=
github.com/xanzy/go-gitlab v0.108.0 h1:IEvEUWFR5G1seslRhJ8gC//INiIUqYXuSUoBd7/gFKE=
github.com/xanzy/go-gitlab v0.108.0/go.mod h1:wKNKh3GkYDMOsGmnfuX+ITCmDuSDWFO0G+C4AygL9RY=
github.com/xanzy/go-gitlab v0.109.0 h1:RcRme5w8VpLXTSTTMZdVoQWY37qTJWg+gwdQl4aAttE=
github.com/xanzy/go-gitlab v0.109.0/go.mod h1:wKNKh3GkYDMOsGmnfuX+ITCmDuSDWFO0G+C4AygL9RY=
github.com/xanzy/go-gitlab v0.110.0 h1:hsFIFp01v/0D0sdUXoZfRk6CROzZbHQplk6NzKSFKhc=
github.com/xanzy/go-gitlab v0.110.0/go.mod h1:wKNKh3GkYDMOsGmnfuX+ITCmDuSDWFO0G+C4AygL9RY=
github.com/xanzy/go-gitlab v0.111.0 h1:4zT52QdDVxGYAGxN2VY8upSvZIiuiI+Z4d+c+7D/lII=
github.com/xanzy/go-gitlab v0.111.0/go.mod h1:wKNKh3GkYDMOsGmnfuX+ITCmDuSDWFO0G+C4AygL9RY=
github.com/xanzy/go-gitlab v0.112.0 h1:6Z0cqEooCvBMfBIHw+CgO4AKGRV8na/9781xOb0+DKw=
github.com/xanzy/go-gitlab v0.112.0/go.mod h1:wKNKh3GkYDMOsGmnfuX+ITCmDuSDWFO0G+C4AygL9RY=
github.com/xanzy/go-gitlab v0.113.0 h1:v5O4R+YZbJGxKqa9iIZxjMyeKkMKBN8P6sZsNl+YckM=
github.com/xanzy/go-gitlab v0.113.0/go.mod h1:wKNKh3GkYDMOsGmnfuX+ITCmDuSDWFO0G+C4AygL9RY=
github.com/xanzy/go-gitlab v0.114.0 h1:0wQr/KBckwrZPfEMjRqpUz0HmsKKON9UhCYv9KDy19M=
github.com/xanzy/go-gitlab v0.114.0/go.mod h1:wKNKh3GkYDMOsGmnfuX+ITCmDuSDWFO0G+C4AygL9RY=
github.com/xanzy/go-gitlab v0.115.0 h1:6DmtItNcVe+At/liXSgfE/DZNZrGfalQmBRmOcJjOn8=
github.com/xanzy/go-gitlab v0.115.0/go.mod h1:5XCDtM7AM6WMKmfDdOiEpyRWUqui2iS9ILfvCZ2gJ5M=
github.com/xddxdd/ottoext v0.0.0-20221109171055-210517fa4419 h1:PT5KYEimicg1GRkBtBxCLcHWvMcBRGljOLwG/y4+T5c=
github.com/xddxdd/ottoext v0.0.0-20221109171055-210517fa4419/go.mod h1:BxZUa1xZ189Ww28wRT0LjHcmHgQmPh27hqfHIwET0ok=
gitlab.com/gitlab-org/api/client-go v0.129.0 h1:o9KLn6fezmxBQWYnQrnilwyuOjlx4206KP0bUn3HuBE=
gitlab.com/gitlab-org/api/client-go v0.129.0/go.mod h1:ZhSxLAWadqP6J9lMh40IAZOlOxBLPRh7yFOXR/bMJWM=
gitlab.com/gitlab-org/api/client-go v0.130.1 h1:1xF5C5Zq3sFeNg3PzS2z63oqrxifne3n/OnbI7nptRc=
gitlab.com/gitlab-org/api/client-go v0.130.1/go.mod h1:ZhSxLAWadqP6J9lMh40IAZOlOxBLPRh7yFOXR/bMJWM=
gitlab.com/gitlab-org/api/client-go v0.134.0 h1:J4i6qPN5hRLsqatPxVbe9w2C0A3JEItyCQrzsP52S2k=
gitlab.com/gitlab-org/api/client-go v0.134.0/go.mod h1:crkp9sCwMQ8gDwuMLgk11sDT336t6U3kESBT0BGsOBo=
gitlab.com/gitlab-org/api/client-go v0.137.0 h1:H26yL44qnb38Czl20pEINCJrcj63W6/BX8iKPVUKQP0=
gitlab.com/gitlab-org/api/client-go v0.137.0/go.mod h1:AcAYES3lfkIS4zhso04S/wyUaWQmDYve2Fd9AF7C6qc=
gitlab.com/gitlab-org/api/client-go v0.138.0 h1:2BmPq3or7PU0HqDXPsmgA2dwopRZ1RsOHbVBKNKqAAE=
gitlab.com/gitlab-org/api/client-go v0.138.0/go.mod h1:vY0XbE86FvL7v5jCGDiaFgDyCV8YbmjIIkBhXx+ZDWM=
gitlab.com/gitlab-org/api/client-go v0.142.2 h1:GtaORG+VsYSFcyaZ4M+V7JC7bXVh3zGB1Nchf2UE914=
gitlab.com/gitlab-org/api/client-go v0.142.2/go.mod h1:Pht8kWkFX+obFPjQK3fct8gk+kILqH/ur5v31+VFsKc=
gitlab.com/gitlab-org/api/client-go v0.142.6 h1:RjqPb7XxJypn9DzkSTuQUOJN7wpRGXZFH8rJCLj4Bg8=
gitlab.com/gitlab-org/api/client-go v0.142.6/go.mod h1:t02B5oJWYEzalBlYIh+PmEJm2H4LPC/VFM1xks5qtG8=
gitlab.com/gitlab-org/api/client-go v0.143.0 h1:/WXq1qvDi80bziVRmbQeJvFuILdUk4KXGcBNeHB6er8=
gitlab.com/gitlab-org/api/client-go v0.143.0/go.mod h1:t02B5oJWYEzalBlYIh+PmEJm2H4LPC/VFM1xks5qtG8=
gitlab.com/gitlab-org/api/client-go v0.143.1 h1:5HyFrXtBZ0WbWLl6Ighrv8wxZ/NWz/KimZiXw6gCT9s=
gitlab.com/gitlab-org/api/client-go v0.143.1/go.mod h1:wvte1ie2U9x25hadhyuCkYug/uxsWMWOTcrgm+f7Big=
gitlab.com/gitlab-org/api/client-go v0.143.2 h1:tfmUW8u+G/DGKOB/FDR0c06f0RVUAEe0ym8WpLoiHXI=
gitlab.com/gitlab-org/api/client-go v0.143.2/go.mod h1:gJn5yLx9vYGXr73Yv0ueHWCVl+fL8iUOgJFxC7qV+iM=
gitlab.com/gitlab-org/api/client-go v0.143.3 h1:4Q4zumLVUnxn/s06RD9U3fyibD1/zr43gTDDtRkjqbA=
gitlab.com/gitlab-org/api/client-go v0.143.3/go.mod h1:rw89Kl9AsKmxRhzkfUSfZ+1jpTewwueKvAYwoYmUoQ8=
gitlab.com/gitlab-org/api/client-go v0.144.1 h1:/3eMNjz5zhKQiEQzFl8a3aZgcCV4/0E5uNM8+lVgdlc=
gitlab.com/gitlab-org/api/client-go v0.144.1/go.mod h1:eABRp++g3IbUP10ZeBIys+9g59dgJnlQLEk8XgKNB54=
gitlab.com/gitlab-org/api/client-go v0.145.0 h1:gvi4bwoF6fyQq6kJix4WicApy/jBRpGlqzI0PDRD9kU=
gitlab.com/gitlab-org/api/client-go v0.145.0/go.mod h1:eABRp++g3IbUP10ZeBIys+9g59dgJnlQLEk8XgKNB54=
gitlab.com/gitlab-org/api/client-go v0.146.0 h1:G8koalztNq+/6O8+YkQ5hqi2KdViaRcqhUHaS/xqoAw=
gitlab.com/gitlab-org/api/client-go v0.146.0/go.mod h1:eABRp++g3IbUP10ZeBIys+9g59dgJnlQLEk8XgKNB54=
gitlab.com/gitlab-org/api/client-go v0.147.0 h1:1Zp5kkwsv/GeECjdcX8zxFlos7/4omGXD1KBgZx/hH4=
gitlab.com/gitlab-org/api/client-go v0.147.0/go.mod h1:eABRp++g3IbUP10ZeBIys+9g59dgJnlQLEk8XgKNB54=
gitlab.com/gitlab-org/api/client-go v0.147.1 h1:I6SqcetiBg/rfhK05CFdNS61YFsdiZBjIuzXqNY8BAk=
gitlab.com/gitlab-org/api/client-go v0.147.1/go.mod h1:9Y5ivg3xj5KJ+TAyRmNSiQtpkoqKsHLRRlLKpgXNJ+Q=
gitlab.com/gitlab-org/api/client-go v0.148.0 h1:64dZ08MfUXOUJQLCkj9gfgdYaG8TEl/Of2cED+3S+pI=
gitlab.com/gitlab-org/api/client-go v0.148.0/go.mod h1:9Y5ivg3xj5KJ+TAyRmNSiQtpkoqKsHLRRlLKpgXNJ+Q=
gitlab.com/gitlab-org/api/client-go v0.148.1 h1:xds5sz/aylLFX9wdTnaqalRDPmlZTzbp0vKA64nbLo4=
gitlab.com/gitlab-org/api/client-go v0.148.1/go.mod h1:9Y5ivg3xj5KJ+TAyRmNSiQtpkoqKsHLRRlLKpgXNJ+Q=
gitlab.com/gitlab-org/api/client-go v0.149.0 h1:Rp+q5QCBb2LEryCp68iHkW0K9YX9xcX0DbsRtaxqK6Y=
gitlab.com/gitlab-org/api/client-go v0.149.0/go.mod h1:P3UhcdtBYT1dpqA33GibGrVl4dZWBs3vINR+YOaM+mA=
gitlab.com/gitlab-org/api/client-go v0.150.0 h1:vaSt6hBsSAXc1ZQIEMa1sGuG9vBu3nUGouURDTrPMPw=
gitlab.com/gitlab-org/api/client-go v0.150.0/go.mod h1:CQVoxjEswJZeXft4Mi+H+OF1MVrpNVF6m4xvlPTQ2J4=
gitlab.com/gitlab-org/api/client-go v0.151.0 h1:8jXu3CDlQp1ZXQf+M0hBIAm8v+RrKCiRtXIdngfLDw4=
gitlab.com/gitlab-org/api/client-go v0.151.0/go.mod h1:CQVoxjEswJZeXft4Mi+H+OF1MVrpNVF6m4xvlPTQ2J4=
gitlab.com/gitlab-org/api/client-go v0.152.0 h1:G7aHUkWgo6jG8vRgITn7/fPTSHpSgXGGlJine2KzE2A=
gitlab.com/gitlab-org/api/client-go v0.152.0/go.mod h1:CQVoxjEswJZeXft4Mi+H+OF1MVrpNVF6m4xvlPTQ2J4=
gitlab.com/gitlab-org/api/client-go v0.154.0 h1:RnAozG7ToCunYizz0v+vJEDj/id1dt820vV4mYOrLFw=
gitlab.com/gitlab-org/api/client-go v0.154.0/go.mod h1:CQVoxjEswJZeXft4Mi+H+OF1MVrpNVF6m4xvlPTQ2J4=
gitlab.com/gitlab-org/api/client-go v0.155.0 h1:8qtopz3ATA0uXceMFmoxPw14rwJ+M5racAEGhGFnwgc=
gitlab.com/gitlab-org/api/client-go v0.155.0/go.mod h1:CQVoxjEswJZeXft4Mi+H+OF1MVrpNVF6m4xvlPTQ2J4=
gitlab.com/gitlab-org/api/client-go v0.156.0 h1:dHgFtA9Z28Oz6veBYR09SQ7eT3qof9ZsY9QMH3D9KaA=
gitlab.com/gitlab-org/api/client-go v0.156.0/go.mod h1:CQVoxjEswJZeXft4Mi+H+OF1MVrpNVF6m4xvlPTQ2J4=
gitlab.com/gitlab-org/api/client-go v0.157.0 h1:B+/Ku1ek3V/MInR/SmvL4FOqE0YYx51u7lBVYIHC2ic=
gitlab.com/gitlab-org/api/client-go v0.157.0/go.mod h1:CQVoxjEswJZeXft4Mi+H+OF1MVrpNVF6m4xvlPTQ2J4=
gitlab.com/gitlab-org/api/client-go v0.157.1 h1:oYbOYk0A2Q+bc1drw8fikSvgi5GImQ9Cj0L0zkZ+PfY=
gitlab.com/gitlab-org/api/client-go v0.157.1/go.mod h1:CQVoxjEswJZeXft4Mi+H+OF1MVrpNVF6m4xvlPTQ2J4=
gitlab.com/gitlab-org/api/client-go v0.158.0 h1:CfWA94ZaU4STlIfsYBGcpks3eUVojXvNFaytmNptbX8=
gitlab.com/gitlab-org/api/client-go v0.158.0/go.mod h1:D0DHF7ILUfFo/JcoGMAEndiKMm8SiP/WjyJ4OfXxCKw=
gitlab.com/gitlab-org/api/client-go v0.159.0 h1:ibKeribio/OCsrsUz7pkgIN4E7HWDyrw/lDR6P2R7lU=
gitlab.com/gitlab-org/api/client-go v0.159.0/go.mod h1:D0DHF7ILUfFo/JcoGMAEndiKMm8SiP/WjyJ4OfXxCKw=
gitlab.com/gitlab-org/api/client-go v0.160.0 h1:aMQzbcE8zFe0lR/J+a3zneEgH+/EBFs8rD8Chrr4Snw=
gitlab.com/gitlab-org/api/client-go v0.160.0/go.mod h1:ooCNtKB7OyP7GBa279+HrUS3eeJF6Yi6XABZZy7RTSk=
gitlab.com/gitlab-org/api/client-go v0.160.1 h1:7kEgo1yQ3ZMRps/2JbXzqbRb4Rs8n2ECkAv+6MadJw8=
gitlab.com/gitlab-org/api/client-go v0.160.1/go.mod h1:YqKcnxyV9OPAL5U99mpwBVEgBPz1PK/3qwqq/3h6bao=
gitlab.com/gitlab-org/api/client-go v0.160.2 h1:InFTeAoGZoQWFS+4xA2kjOp+FaxnuuUsNm6KuyftK3o=
gitlab.com/gitlab-org/api/client-go v0.160.2/go.mod h1:YqKcnxyV9OPAL5U99mpwBVEgBPz1PK/3qwqq/3h6bao=
gitlab.com/gitlab-org/api/client-go v0.161.1 h1:XX0EtVGL6cGEdNy9xnJ96CSciIzjCwAVsayItHY1YyU=
gitlab.com/gitlab-org/api/client-go v0.161.1/go.mod h1:YqKcnxyV9OPAL5U99mpwBVEgBPz1PK/3qwqq/3h6bao=
gitlab.com/gitlab-org/api/client-go v1.5.0 h1:kEHoqgNywPXV+I0oORiaOqy4hnWuqbUyPnl0tAF7anM=
gitlab.com/gitlab-org/api/client-go v1.5.0/go.mod h1:RQfw64j1FE+KMZUAKsi1ZOOvwbWxHn9SkyZg+IAvjk4=
gitlab.com/gitlab-org/api/client-go v1.6.0 h1:ElfY63nt9xRYT+Ni1cBa31+Yl9HQmNeVjPQ6uibO0jI=
gitlab.com/gitlab-org/api/client-go v1.6.0/go.mod h1:RQfw64j1FE+KMZUAKsi1ZOOvwbWxHn9SkyZg+IAvjk4=
gitlab.com/gitlab-org/api/client-go v1.7.0 h1:Dk8bh6ms47sVgu2hLOhM1PmkVT8NhHzVE/pDrXlJGuI=
gitlab.com/gitlab-org/api/client-go v1.7.0/go.mod h1:RQfw64j1FE+KMZUAKsi1ZOOvwbWxHn9SkyZg+IAvjk4=
gitlab.com/gitlab-org/api/client-go v1.8.0 h1:IOD56AS4WismCeOz0PS3vrZr8RCr2A3B+rVfZzZjwLQ=
gitlab.com/gitlab-org/api/client-go v1.8.0/go.mod h1:RQfw64j1FE+KMZUAKsi1ZOOvwbWxHn9SkyZg+IAvjk4=
gitlab.com/gitlab-org/api/client-go v1.8.1 h1:YQyAh2Gd+NzcbRWWgDIi/pX0wLlm7QEZWtc0FikQRs4=
gitlab.com/gitlab-org/api/client-go v1.8.1/go.mod h1:tVIvZPcBPFPGYtLZOUIUafaZMmomCS0W81eACbn4Egw=
gitlab.com/gitlab-org/api/client-go v1.8.2 h1:rDNJLOalQmG9yw6YjNK5Hx6+uhPyiCA/WYZ+jJugc9I=
gitlab.com/gitlab-org/api/client-go v1.8.2/go.mod h1:71yTJk1lnHCWcZLvM5kPAXzeJ2fn5GjaoV8gTOPd4ME=
gitlab.com/gitlab-org/api/client-go v1.9.0 h1:hyUiGId1Bc/MUbkosivlmvQrlUN4CyHHzwXKHCirPM4=
gitlab.com/gitlab-org/api/client-go v1.9.0/go.mod h1:71yTJk1lnHCWcZLvM5kPAXzeJ2fn5GjaoV8gTOPd4ME=
gitlab.com/gitlab-org/api/client-go v1.9.1 h1:tZm+URa36sVy8UCEHQyGGJ8COngV4YqMHpM6k9O5tK8=
gitlab.com/gitlab-org/api/client-go v1.9.1/go.mod h1:71yTJk1lnHCWcZLvM5kPAXzeJ2fn5GjaoV8gTOPd4ME=
gitlab.com/gitlab-org/api/client-go v1.10.0 h1:VlB9gXQdG6w643lH53VduUHVnCWQG5Ty86VbXnyi70A=
gitlab.com/gitlab-org/api/client-go v1.10.0/go.mod h1:U3QKvjbT1J1FrgLsA7w/XlhoBIendUqB4o3/Ht3UhEQ=
go.uber.org/goleak v1.3.0 h1:2K3zAYmnTNqV73imy9J1T3WC+gmCePx2hEGkimedGto=
go.uber.org/goleak v1.3.0/go.mod h1:CoHD4mav9JJNrW/WLlf7HGZPjdw8EucARQHekz1X6bE=
go.uber.org/multierr v1.11.0 h1:blXXJkSxSSfBVBlC76pxqeO+LN3aDfLQo+309xJstO0=
go.uber.org/multierr v1.11.0/go.mod h1:20+QtiLqy0Nd6FdQB9TLXag12DsQkrbs3htMFfDN80Y=
go.uber.org/zap v1.27.0 h1:aJMhYGrd5QSmlpLMr2MftRKl7t8J8PTZPA732ud/XR8=
go.uber.org/zap v1.27.0/go.mod h1:GB2qFLM7cTU87MWRP2mPIjqfIDnGu+VIO4V/SdhGo2E=
go.uber.org/zap v1.27.1 h1:08RqriUEv8+ArZRYSTXy1LeBScaMpVSTBhCeaZYfMYc=
go.uber.org/zap v1.27.1/go.mod h1:GB2qFLM7cTU87MWRP2mPIjqfIDnGu+VIO4V/SdhGo2E=
go.yaml.in/yaml/v3 v3.0.4/go.mod h1:DhzuOOF2ATzADvBadXxruRBLzYTpT36CKvDb3+aBEFg=
golang.org/x/exp v0.0.0-20240707233637-46b078467d37 h1:uLDX+AfeFCct3a2C7uIWBKMJIR3CJMhcgfrUAqjRK6w=
golang.org/x/exp v0.0.0-20240707233637-46b078467d37/go.mod h1:M4RDyNAINzryxdtnbRXRL/OHtkFuWGRjvuhBJpk2IlY=
golang.org/x/exp v0.0.0-20240823005443-9b4947da3948 h1:kx6Ds3MlpiUHKj7syVnbp57++8WpuKPcR5yjLBjvLEA=
golang.org/x/exp v0.0.0-20240823005443-9b4947da3948/go.mod h1:akd2r19cwCdwSwWeIdzYQGa/EZZyqcOdwWiwj5L5eKQ=
golang.org/x/exp v0.0.0-20241009180824-f66d83c29e7c h1:7dEasQXItcW1xKJ2+gg5VOiBnqWrJc+rq0DPKyvvdbY=
golang.org/x/exp v0.0.0-20241009180824-f66d83c29e7c/go.mod h1:NQtJDoLvd6faHhE7m4T/1IY708gDefGGjR/iUW8yQQ8=
golang.org/x/exp v0.0.0-20241210194714-1829a127f884 h1:Y/Mj/94zIQQGHVSv1tTtQBDaQaJe62U9bkDZKKyhPCU=
golang.org/x/exp v0.0.0-20241210194714-1829a127f884/go.mod h1:qj5a5QZpwLU2NLQudwIN5koi3beDhSAlJwa67PuM98c=
golang.org/x/exp v0.0.0-20241215155358-4a5509556b9e h1:4qufH0hlUYs6AO6XmZC3GqfDPGSXHVXUFR6OND+iJX4=
golang.org/x/exp v0.0.0-20241215155358-4a5509556b9e/go.mod h1:qj5a5QZpwLU2NLQudwIN5koi3beDhSAlJwa67PuM98c=
golang.org/x/exp v0.0.0-20250103183323-7d7fa50e5329 h1:9kj3STMvgqy3YA4VQXBrN7925ICMxD5wzMRcgA30588=
golang.org/x/exp v0.0.0-20250103183323-7d7fa50e5329/go.mod h1:qj5a5QZpwLU2NLQudwIN5koi3beDhSAlJwa67PuM98c=
golang.org/x/exp v0.0.0-20250106191152-7588d65b2ba8/go.mod h1:tujkw807nyEEAamNbDrEGzRav+ilXA7PCRAd6xsmwiU=
golang.org/x/exp v0.0.0-20250128182459-e0ece0dbea4c/go.mod h1:tujkw807nyEEAamNbDrEGzRav+ilXA7PCRAd6xsmwiU=
golang.org/x/exp v0.0.0-20250305212735-054e65f0b394/go.mod h1:sIifuuw/Yco/y6yb6+bDNfyeQ/MdPUy/hKEMYQV17cM=
golang.org/x/exp v0.0.0-20250408133849-7e4ce0ab07d0/go.mod h1:S9Xr4PYopiDyqSyp5NjCrhFrqg6A5zA2E/iPHPhqnS8=
golang.org/x/exp v0.0.0-20250506013437-ce4c2cf36ca6/go.mod h1:U6Lno4MTRCDY+Ba7aCcauB9T60gsv5s4ralQzP72ZoQ=
golang.org/x/exp v0.0.0-20250531010427-b6e5de432a8b/go.mod h1:U6Lno4MTRCDY+Ba7aCcauB9T60gsv5s4ralQzP72ZoQ=
golang.org/x/exp v0.0.0-20250711185948-6ae5c78190dc/go.mod h1:A+z0yzpGtvnG90cToK5n2tu8UJVP2XUATh+r+sfOOOc=
golang.org/x/exp v0.0.0-20250718183923-645b1fa84792/go.mod h1:A+z0yzpGtvnG90cToK5n2tu8UJVP2XUATh+r+sfOOOc=
golang.org/x/exp v0.0.0-20250819193227-8b4c13bb791b/go.mod h1:4QTo5u+SEIbbKW1RacMZq1YEfOBqeXa19JeshGi+zc4=
golang.org/x/exp v0.0.0-20250911091902-df9299821621 h1:2id6c1/gto0kaHYyrixvknJ8tUK/Qs5IsmBtrc+FtgU=
golang.org/x/exp v0.0.0-20250911091902-df9299821621/go.mod h1:TwQYMMnGpvZyc+JpB/UAuTNIsVJifOlSkrZkhcvpVUk=
golang.org/x/exp v0.0.0-20251009144603-d2f985daa21b h1:18qgiDvlvH7kk8Ioa8Ov+K6xCi0GMvmGfGW0sgd/SYA=
golang.org/x/exp v0.0.0-20251009144603-d2f985daa21b/go.mod h1:j/pmGrbnkbPtQfxEe5D0VQhZC6qKbfKifgD0oM7sR70=
golang.org/x/exp v0.0.0-20251023183803-a4bb9ffd2546 h1:mgKeJMpvi0yx/sU5GsxQ7p6s2wtOnGAHZWCHUM4KGzY=
golang.org/x/exp v0.0.0-20251023183803-a4bb9ffd2546/go.mod h1:j/pmGrbnkbPtQfxEe5D0VQhZC6qKbfKifgD0oM7sR70=
golang.org/x/exp v0.0.0-20251125195548-87e1e737ad39 h1:DHNhtq3sNNzrvduZZIiFyXWOL9IWaDPHqTnLJp+rCBY=
golang.org/x/exp v0.0.0-20251125195548-87e1e737ad39/go.mod h1:46edojNIoXTNOhySWIWdix628clX9ODXwPsQuG6hsK0=
golang.org/x/mod v0.19.0 h1:fEdghXQSo20giMthA7cd28ZC+jts4amQ3YMXiP5oMQ8=
golang.org/x/mod v0.19.0/go.mod h1:hTbmBsO62+eylJbnUtE2MGJUyE7QWk4xUqPFrRgJ+7c=
golang.org/x/mod v0.20.0 h1:utOm6MM3R3dnawAiJgn0y+xvuYRsm1RKM/4giyfDgV0=
golang.org/x/mod v0.20.0/go.mod h1:hTbmBsO62+eylJbnUtE2MGJUyE7QWk4xUqPFrRgJ+7c=
golang.org/x/mod v0.21.0 h1:vvrHzRwRfVKSiLrG+d4FMl/Qi4ukBCE6kZlTUkDYRT0=
golang.org/x/mod v0.21.0/go.mod h1:6SkKJ3Xj0I0BrPOZoBy3bdMptDDU9oJrpohJ3eWZ1fY=
golang.org/x/mod v0.22.0 h1:D4nJWe9zXqHOmWqj4VMOJhvzj7bEZg4wEYa759z1pH4=
golang.org/x/mod v0.22.0/go.mod h1:6SkKJ3Xj0I0BrPOZoBy3bdMptDDU9oJrpohJ3eWZ1fY=
golang.org/x/mod v0.24.0 h1:ZfthKaKaT4NrhGVZHO1/WDTwGES4De8KtWO0SIbNJMU=
golang.org/x/mod v0.24.0/go.mod h1:IXM97Txy2VM4PJ3gI61r1YEk/gAj6zAHN3AdZt6S9Ww=
golang.org/x/mod v0.26.0 h1:EGMPT//Ezu+ylkCijjPc+f4Aih7sZvaAr+O3EHBxvZg=
golang.org/x/mod v0.26.0/go.mod h1:/j6NAhSk8iQ723BGAUyoAcn7SlD7s15Dp9Nd/SfeaFQ=
golang.org/x/mod v0.27.0 h1:kb+q2PyFnEADO2IEF935ehFUXlWiNjJWtRNgBLSfbxQ=
golang.org/x/mod v0.27.0/go.mod h1:rWI627Fq0DEoudcK+MBkNkCe0EetEaDSwJJkCcjpazc=
golang.org/x/mod v0.28.0 h1:gQBtGhjxykdjY9YhZpSlZIsbnaE2+PgjfLWUQTnoZ1U=
golang.org/x/mod v0.28.0/go.mod h1:yfB/L0NOf/kmEbXjzCPOx1iK1fRutOydrCMsqRhEBxI=
golang.org/x/mod v0.29.0 h1:HV8lRxZC4l2cr3Zq1LvtOsi/ThTgWnUk/y64QSs8GwA=
golang.org/x/mod v0.29.0/go.mod h1:NyhrlYXJ2H4eJiRy/WDBO6HMqZQ6q9nk4JzS3NuCK+w=
golang.org/x/mod v0.30.0 h1:fDEXFVZ/fmCKProc/yAXXUijritrDzahmwwefnjoPFk=
golang.org/x/mod v0.30.0/go.mod h1:lAsf5O2EvJeSFMiBxXDki7sCgAxEUcZHXoXMKT4GJKc=
golang.org/x/net v0.27.0 h1:5K3Njcw06/l2y9vpGCSdcxWOYHOUk3dVNGDXN+FvAys=
golang.org/x/net v0.27.0/go.mod h1:dDi0PyhWNoiUOrAS8uXv/vnScO4wnHQO4mj9fn/RytE=
golang.org/x/net v0.28.0 h1:a9JDOJc5GMUJ0+UDqmLT86WiEy7iWyIhz8gz8E4e5hE=
golang.org/x/net v0.28.0/go.mod h1:yqtgsTWOOnlGLG9GFRrK3++bGOUEkNBoHZc8MEDWPNg=
golang.org/x/net v0.30.0 h1:AcW1SDZMkb8IpzCdQUaIq2sP4sZ4zw+55h6ynffypl4=
golang.org/x/net v0.30.0/go.mod h1:2wGyMJ5iFasEhkwi13ChkO/t1ECNC4X4eBKkVFyYFlU=
golang.org/x/net v0.32.0 h1:ZqPmj8Kzc+Y6e0+skZsuACbx+wzMgo5MQsJh9Qd6aYI=
golang.org/x/net v0.32.0/go.mod h1:CwU0IoeOlnQQWJ6ioyFrfRuomB8GKF6KbYXZVyeXNfs=
golang.org/x/net v0.33.0 h1:74SYHlV8BIgHIFC/LrYkOGIwL19eTYXQ5wc6TBuO36I=
golang.org/x/net v0.33.0/go.mod h1:HXLR5J+9DxmrqMwG9qjGCxZ+zKXxBru04zlTvWlWuN4=
golang.org/x/net v0.34.0 h1:Mb7Mrk043xzHgnRM88suvJFwzVrRfHEHJEl5/71CKw0=
golang.org/x/net v0.34.0/go.mod h1:di0qlW3YNM5oh6GqDGQr92MyTozJPmybPK4Ev/Gm31k=
golang.org/x/net v0.37.0 h1:1zLorHbz+LYj7MQlSf1+2tPIIgibq2eL5xkrGk6f+2c=
golang.org/x/net v0.37.0/go.mod h1:ivrbrMbzFq5J41QOQh0siUuly180yBYtLp+CKbEaFx8=
golang.org/x/net v0.38.0 h1:vRMAPTMaeGqVhG5QyLJHqNDwecKTomGeqbnfZyKlBI8=
golang.org/x/net v0.38.0/go.mod h1:ivrbrMbzFq5J41QOQh0siUuly180yBYtLp+CKbEaFx8=
golang.org/x/net v0.39.0 h1:ZCu7HMWDxpXpaiKdhzIfaltL9Lp31x/3fCP11bc6/fY=
golang.org/x/net v0.39.0/go.mod h1:X7NRbYVEA+ewNkCNyJ513WmMdQ3BineSwVtN2zD/d+E=
golang.org/x/net v0.40.0 h1:79Xs7wF06Gbdcg4kdCCIQArK11Z1hr5POQ6+fIYHNuY=
golang.org/x/net v0.40.0/go.mod h1:y0hY0exeL2Pku80/zKK7tpntoX23cqL3Oa6njdgRtds=
golang.org/x/net v0.42.0 h1:jzkYrhi3YQWD6MLBJcsklgQsoAcw89EcZbJw8Z614hs=
golang.org/x/net v0.42.0/go.mod h1:FF1RA5d3u7nAYA4z2TkclSCKh68eSXtiFwcWQpPXdt8=
golang.org/x/net v0.43.0 h1:lat02VYK2j4aLzMzecihNvTlJNQUq316m2Mr9rnM6YE=
golang.org/x/net v0.43.0/go.mod h1:vhO1fvI4dGsIjh73sWfUVjj3N7CA9WkKJNQm2svM6Jg=
golang.org/x/net v0.44.0 h1:evd8IRDyfNBMBTTY5XRF1vaZlD+EmWx6x8PkhR04H/I=
golang.org/x/net v0.44.0/go.mod h1:ECOoLqd5U3Lhyeyo/QDCEVQ4sNgYsqvCZ722XogGieY=
golang.org/x/net v0.46.0 h1:giFlY12I07fugqwPuWJi68oOnpfqFnJIJzaIIm2JVV4=
golang.org/x/net v0.46.0/go.mod h1:Q9BGdFy1y4nkUwiLvT5qtyhAnEHgnQ/zd8PfU6nc210=
golang.org/x/net v0.47.0 h1:Mx+4dIFzqraBXUugkia1OOvlD6LemFo1ALMHjrXDOhY=
golang.org/x/net v0.47.0/go.mod h1:/jNxtkgq5yWUGYkaZGqo27cfGZ1c5Nen03aYrrKpVRU=
golang.org/x/oauth2 v0.21.0 h1:tsimM75w1tF/uws5rbeHzIWxEqElMehnc+iW793zsZs=
golang.org/x/oauth2 v0.21.0/go.mod h1:XYTD2NtWslqkgxebSiOHnXEap4TF09sJSc7H1sXbhtI=
golang.org/x/oauth2 v0.22.0 h1:BzDx2FehcG7jJwgWLELCdmLuxk2i+x9UDpSiss2u0ZA=
golang.org/x/oauth2 v0.22.0/go.mod h1:XYTD2NtWslqkgxebSiOHnXEap4TF09sJSc7H1sXbhtI=
golang.org/x/oauth2 v0.23.0 h1:PbgcYx2W7i4LvjJWEbf0ngHV6qJYr86PkAV3bXdLEbs=
golang.org/x/oauth2 v0.23.0/go.mod h1:XYTD2NtWslqkgxebSiOHnXEap4TF09sJSc7H1sXbhtI=
golang.org/x/oauth2 v0.24.0 h1:KTBBxWqUa0ykRPLtV69rRto9TLXcqYkeswu48x/gvNE=
golang.org/x/oauth2 v0.24.0/go.mod h1:XYTD2NtWslqkgxebSiOHnXEap4TF09sJSc7H1sXbhtI=
golang.org/x/oauth2 v0.25.0 h1:CY4y7XT9v0cRI9oupztF8AgiIu99L/ksR/Xp/6jrZ70=
golang.org/x/oauth2 v0.25.0/go.mod h1:XYTD2NtWslqkgxebSiOHnXEap4TF09sJSc7H1sXbhtI=
golang.org/x/oauth2 v0.26.0 h1:afQXWNNaeC4nvZ0Ed9XvCCzXM6UHJG7iCg0W4fPqSBE=
golang.org/x/oauth2 v0.26.0/go.mod h1:XYTD2NtWslqkgxebSiOHnXEap4TF09sJSc7H1sXbhtI=
golang.org/x/oauth2 v0.28.0 h1:CrgCKl8PPAVtLnU3c+EDw6x11699EWlsDeWNWKdIOkc=
golang.org/x/oauth2 v0.28.0/go.mod h1:onh5ek6nERTohokkhCD/y2cV4Do3fxFHFuAejCkRWT8=
golang.org/x/oauth2 v0.29.0 h1:WdYw2tdTK1S8olAzWHdgeqfy+Mtm9XNhv/xJsY65d98=
golang.org/x/oauth2 v0.29.0/go.mod h1:onh5ek6nERTohokkhCD/y2cV4Do3fxFHFuAejCkRWT8=
golang.org/x/oauth2 v0.30.0 h1:dnDm7JmhM45NNpd8FDDeLhK6FwqbOf4MLCM9zb1BOHI=
golang.org/x/oauth2 v0.30.0/go.mod h1:B++QgG3ZKulg6sRPGD/mqlHQs5rB3Ml9erfeDY7xKlU=
golang.org/x/oauth2 v0.31.0 h1:8Fq0yVZLh4j4YA47vHKFTa9Ew5XIrCP8LC6UeNZnLxo=
golang.org/x/oauth2 v0.31.0/go.mod h1:lzm5WQJQwKZ3nwavOZ3IS5Aulzxi68dUSgRHujetwEA=
golang.org/x/oauth2 v0.32.0 h1:jsCblLleRMDrxMN29H3z/k1KliIvpLgCkE6R8FXXNgY=
golang.org/x/oauth2 v0.32.0/go.mod h1:lzm5WQJQwKZ3nwavOZ3IS5Aulzxi68dUSgRHujetwEA=
golang.org/x/oauth2 v0.33.0 h1:4Q+qn+E5z8gPRJfmRy7C2gGG3T4jIprK6aSYgTXGRpo=
golang.org/x/oauth2 v0.33.0/go.mod h1:lzm5WQJQwKZ3nwavOZ3IS5Aulzxi68dUSgRHujetwEA=
golang.org/x/oauth2 v0.34.0 h1:hqK/t4AKgbqWkdkcAeI8XLmbK+4m4G5YeQRrmiotGlw=
golang.org/x/oauth2 v0.34.0/go.mod h1:lzm5WQJQwKZ3nwavOZ3IS5Aulzxi68dUSgRHujetwEA=
golang.org/x/sync v0.7.0 h1:YsImfSBoP9QPYL0xyKJPq0gcaJdG3rInoqxTWbfQu9M=
golang.org/x/sync v0.7.0/go.mod h1:Czt+wKu1gCyEFDUtn0jG5QVvpJ6rzVqr5aXyt9drQfk=
golang.org/x/sync v0.8.0 h1:3NFvSEYkUoMifnESzZl15y791HH1qU2xm6eCJU5ZPXQ=
golang.org/x/sync v0.8.0/go.mod h1:Czt+wKu1gCyEFDUtn0jG5QVvpJ6rzVqr5aXyt9drQfk=
golang.org/x/sync v0.9.0 h1:fEo0HyrW1GIgZdpbhCRO0PkJajUS5H9IFUztCgEo2jQ=
golang.org/x/sync v0.9.0/go.mod h1:Czt+wKu1gCyEFDUtn0jG5QVvpJ6rzVqr5aXyt9drQfk=
golang.org/x/sync v0.10.0 h1:3NQrjDixjgGwUOCaF8w2+VYHv0Ve/vGYSbdkTa98gmQ=
golang.org/x/sync v0.10.0/go.mod h1:Czt+wKu1gCyEFDUtn0jG5QVvpJ6rzVqr5aXyt9drQfk=
golang.org/x/sync v0.11.0 h1:GGz8+XQP4FvTTrjZPzNKTMFtSXH80RAzG+5ghFPgK9w=
golang.org/x/sync v0.11.0/go.mod h1:Czt+wKu1gCyEFDUtn0jG5QVvpJ6rzVqr5aXyt9drQfk=
golang.org/x/sync v0.12.0 h1:MHc5BpPuC30uJk597Ri8TV3CNZcTLu6B6z4lJy+g6Jw=
golang.org/x/sync v0.12.0/go.mod h1:1dzgHSNfp02xaA81J2MS99Qcpr2w7fw1gpm99rleRqA=
golang.org/x/sync v0.13.0 h1:AauUjRAJ9OSnvULf/ARrrVywoJDy0YS2AwQ98I37610=
golang.org/x/sync v0.13.0/go.mod h1:1dzgHSNfp02xaA81J2MS99Qcpr2w7fw1gpm99rleRqA=
golang.org/x/sync v0.14.0 h1:woo0S4Yywslg6hp4eUFjTVOyKt0RookbpAHG4c1HmhQ=
golang.org/x/sync v0.14.0/go.mod h1:1dzgHSNfp02xaA81J2MS99Qcpr2w7fw1gpm99rleRqA=
golang.org/x/sync v0.16.0 h1:ycBJEhp9p4vXvUZNszeOq0kGTPghopOL8q0fq3vstxw=
golang.org/x/sync v0.16.0/go.mod h1:1dzgHSNfp02xaA81J2MS99Qcpr2w7fw1gpm99rleRqA=
golang.org/x/sync v0.17.0 h1:l60nONMj9l5drqw6jlhIELNv9I0A4OFgRsG9k2oT9Ug=
golang.org/x/sync v0.17.0/go.mod h1:9KTHXmSnoGruLpwFjVSX0lNNA75CykiMECbovNTZqGI=
golang.org/x/sync v0.18.0 h1:kr88TuHDroi+UVf+0hZnirlk8o8T+4MrK6mr60WkH/I=
golang.org/x/sync v0.18.0/go.mod h1:9KTHXmSnoGruLpwFjVSX0lNNA75CykiMECbovNTZqGI=
golang.org/x/sys v0.0.0-20220811171246-fbc7d0a398ab/go.mod h1:oPkhp1MJrh7nUepCBck5+mAzfO9JrbApNNgaTdGDITg=
golang.org/x/sys v0.6.0/go.mod h1:oPkhp1MJrh7nUepCBck5+mAzfO9JrbApNNgaTdGDITg=
golang.org/x/sys v0.22.0 h1:RI27ohtqKCnwULzJLqkv897zojh5/DwS/ENaMzUOaWI=
golang.org/x/sys v0.22.0/go.mod h1:/VUhepiaJMQUp4+oa/7Zr1D23ma6VTLIYjOOTFZPUcA=
golang.org/x/sys v0.24.0 h1:Twjiwq9dn6R1fQcyiK+wQyHWfaz/BJB+YIpzU/Cv3Xg=
golang.org/x/sys v0.24.0/go.mod h1:/VUhepiaJMQUp4+oa/7Zr1D23ma6VTLIYjOOTFZPUcA=
golang.org/x/sys v0.26.0 h1:KHjCJyddX0LoSTb3J+vWpupP9p0oznkqVk/IfjymZbo=
golang.org/x/sys v0.26.0/go.mod h1:/VUhepiaJMQUp4+oa/7Zr1D23ma6VTLIYjOOTFZPUcA=
golang.org/x/sys v0.28.0 h1:Fksou7UEQUWlKvIdsqzJmUmCX3cZuD2+P3XyyzwMhlA=
golang.org/x/sys v0.28.0/go.mod h1:/VUhepiaJMQUp4+oa/7Zr1D23ma6VTLIYjOOTFZPUcA=
golang.org/x/sys v0.29.0 h1:TPYlXGxvx1MGTn2GiZDhnjPA9wZzZeGKHHmKhHYvgaU=
golang.org/x/sys v0.29.0/go.mod h1:/VUhepiaJMQUp4+oa/7Zr1D23ma6VTLIYjOOTFZPUcA=
golang.org/x/sys v0.31.0 h1:ioabZlmFYtWhL+TRYpcnNlLwhyxaM9kWTDEmfnprqik=
golang.org/x/sys v0.31.0/go.mod h1:BJP2sWEmIv4KK5OTEluFJCKSidICx8ciO85XgH3Ak8k=
golang.org/x/sys v0.32.0 h1:s77OFDvIQeibCmezSnk/q6iAfkdiQaJi4VzroCFrN20=
golang.org/x/sys v0.32.0/go.mod h1:BJP2sWEmIv4KK5OTEluFJCKSidICx8ciO85XgH3Ak8k=
golang.org/x/sys v0.33.0 h1:q3i8TbbEz+JRD9ywIRlyRAQbM0qF7hu24q3teo2hbuw=
golang.org/x/sys v0.33.0/go.mod h1:BJP2sWEmIv4KK5OTEluFJCKSidICx8ciO85XgH3Ak8k=
golang.org/x/sys v0.34.0 h1:H5Y5sJ2L2JRdyv7ROF1he/lPdvFsd0mJHFw2ThKHxLA=
golang.org/x/sys v0.34.0/go.mod h1:BJP2sWEmIv4KK5OTEluFJCKSidICx8ciO85XgH3Ak8k=
golang.org/x/sys v0.35.0 h1:vz1N37gP5bs89s7He8XuIYXpyY0+QlsKmzipCbUtyxI=
golang.org/x/sys v0.35.0/go.mod h1:BJP2sWEmIv4KK5OTEluFJCKSidICx8ciO85XgH3Ak8k=
golang.org/x/sys v0.36.0 h1:KVRy2GtZBrk1cBYA7MKu5bEZFxQk4NIDV6RLVcC8o0k=
golang.org/x/sys v0.36.0/go.mod h1:OgkHotnGiDImocRcuBABYBEXf8A9a87e/uXjp9XT3ks=
golang.org/x/sys v0.37.0 h1:fdNQudmxPjkdUTPnLn5mdQv7Zwvbvpaxqs831goi9kQ=
golang.org/x/sys v0.37.0/go.mod h1:OgkHotnGiDImocRcuBABYBEXf8A9a87e/uXjp9XT3ks=
golang.org/x/sys v0.38.0 h1:3yZWxaJjBmCWXqhN1qh02AkOnCQ1poK6oF+a7xWL6Gc=
golang.org/x/sys v0.38.0/go.mod h1:OgkHotnGiDImocRcuBABYBEXf8A9a87e/uXjp9XT3ks=
golang.org/x/text v0.16.0 h1:a94ExnEXNtEwYLGJSIUxnWoxoRz/ZcCsV63ROupILh4=
golang.org/x/text v0.16.0/go.mod h1:GhwF1Be+LQoKShO3cGOHzqOgRrGaYc9AvblQOmPVHnI=
golang.org/x/text v0.17.0 h1:XtiM5bkSOt+ewxlOE/aE/AKEHibwj/6gvWMl9Rsh0Qc=
golang.org/x/text v0.17.0/go.mod h1:BuEKDfySbSR4drPmRPG/7iBdf8hvFMuRexcpahXilzY=
golang.org/x/text v0.19.0 h1:kTxAhCbGbxhK0IwgSKiMO5awPoDQ0RpfiVYBfK860YM=
golang.org/x/text v0.19.0/go.mod h1:BuEKDfySbSR4drPmRPG/7iBdf8hvFMuRexcpahXilzY=
golang.org/x/text v0.20.0 h1:gK/Kv2otX8gz+wn7Rmb3vT96ZwuoxnQlY+HlJVj7Qug=
golang.org/x/text v0.20.0/go.mod h1:D4IsuqiFMhST5bX19pQ9ikHC2GsaKyk/oF+pn3ducp4=
golang.org/x/text v0.21.0 h1:zyQAAkrwaneQ066sspRyJaG9VNi/YJ1NfzcGB3hZ/qo=
golang.org/x/text v0.21.0/go.mod h1:4IBbMaMmOPCJ8SecivzSH54+73PCFmPWxNTLm+vZkEQ=
golang.org/x/text v0.22.0 h1:bofq7m3/HAFvbF51jz3Q9wLg3jkvSPuiZu/pD1XwgtM=
golang.org/x/text v0.22.0/go.mod h1:YRoo4H8PVmsu+E3Ou7cqLVH8oXWIHVoX0jqUWALQhfY=
golang.org/x/text v0.23.0 h1:D71I7dUrlY+VX0gQShAThNGHFxZ13dGLBHQLVl1mJlY=
golang.org/x/text v0.23.0/go.mod h1:/BLNzu4aZCJ1+kcD0DNRotWKage4q2rGVAg4o22unh4=
golang.org/x/text v0.24.0 h1:dd5Bzh4yt5KYA8f9CJHCP4FB4D51c2c6JvN37xJJkJ0=
golang.org/x/text v0.24.0/go.mod h1:L8rBsPeo2pSS+xqN0d5u2ikmjtmoJbDBT1b7nHvFCdU=
golang.org/x/text v0.25.0 h1:qVyWApTSYLk/drJRO5mDlNYskwQznZmkpV2c8q9zls4=
golang.org/x/text v0.25.0/go.mod h1:WEdwpYrmk1qmdHvhkSTNPm3app7v4rsT8F2UD6+VHIA=
golang.org/x/text v0.27.0 h1:4fGWRpyh641NLlecmyl4LOe6yDdfaYNrGb2zdfo4JV4=
golang.org/x/text v0.27.0/go.mod h1:1D28KMCvyooCX9hBiosv5Tz/+YLxj0j7XhWjpSUF7CU=
golang.org/x/text v0.28.0 h1:rhazDwis8INMIwQ4tpjLDzUhx6RlXqZNPEM0huQojng=
golang.org/x/text v0.28.0/go.mod h1:U8nCwOR8jO/marOQ0QbDiOngZVEBB7MAiitBuMjXiNU=
golang.org/x/text v0.29.0 h1:1neNs90w9YzJ9BocxfsQNHKuAT4pkghyXc4nhZ6sJvk=
golang.org/x/text v0.29.0/go.mod h1:7MhJOA9CD2qZyOKYazxdYMF85OwPdEr9jTtBpO7ydH4=
golang.org/x/text v0.30.0 h1:yznKA/E9zq54KzlzBEAWn1NXSQ8DIp/NYMy88xJjl4k=
golang.org/x/text v0.30.0/go.mod h1:yDdHFIX9t+tORqspjENWgzaCVXgk0yYnYuSZ8UzzBVM=
golang.org/x/text v0.31.0 h1:aC8ghyu4JhP8VojJ2lEHBnochRno1sgL6nEi9WGFGMM=
golang.org/x/text v0.31.0/go.mod h1:tKRAlv61yKIjGGHX/4tP1LTbc13YSec1pxVEWXzfoeM=
golang.org/x/time v0.6.0 h1:eTDhh4ZXt5Qf0augr54TN6suAUudPcawVZeIAPU7D4U=
golang.org/x/time v0.6.0/go.mod h1:3BpzKBy/shNhVucY/MWOyx10tF3SFh9QdLuxbVysPQM=
golang.org/x/time v0.7.0 h1:ntUhktv3OPE6TgYxXWv9vKvUSJyIFJlyohwbkEwPrKQ=
golang.org/x/time v0.7.0/go.mod h1:3BpzKBy/shNhVucY/MWOyx10tF3SFh9QdLuxbVysPQM=
golang.org/x/time v0.8.0 h1:9i3RxcPv3PZnitoVGMPDKZSq1xW1gK1Xy3ArNOGZfEg=
golang.org/x/time v0.8.0/go.mod h1:3BpzKBy/shNhVucY/MWOyx10tF3SFh9QdLuxbVysPQM=
golang.org/x/time v0.9.0 h1:EsRrnYcQiGH+5FfbgvV4AP7qEZstoyrHB0DzarOQ4ZY=
golang.org/x/time v0.9.0/go.mod h1:3BpzKBy/shNhVucY/MWOyx10tF3SFh9QdLuxbVysPQM=
golang.org/x/time v0.10.0 h1:3usCWA8tQn0L8+hFJQNgzpWbd89begxN66o1Ojdn5L4=
golang.org/x/time v0.10.0/go.mod h1:3BpzKBy/shNhVucY/MWOyx10tF3SFh9QdLuxbVysPQM=
golang.org/x/time v0.11.0 h1:/bpjEDfN9tkoN/ryeYHnv5hcMlc8ncjMcM4XBk5NWV0=
golang.org/x/time v0.11.0/go.mod h1:CDIdPxbZBQxdj6cxyCIdrNogrJKMJ7pr37NYpMcMDSg=
golang.org/x/time v0.12.0 h1:ScB/8o8olJvc+CQPWrK3fPZNfh7qgwCrY0zJmoEQLSE=
golang.org/x/time v0.12.0/go.mod h1:CDIdPxbZBQxdj6cxyCIdrNogrJKMJ7pr37NYpMcMDSg=
golang.org/x/time v0.13.0 h1:eUlYslOIt32DgYD6utsuUeHs4d7AsEYLuIAdg7FlYgI=
golang.org/x/time v0.13.0/go.mod h1:eL/Oa2bBBK0TkX57Fyni+NgnyQQN4LitPmob2Hjnqw4=
golang.org/x/time v0.14.0 h1:MRx4UaLrDotUKUdCIqzPC48t1Y9hANFKIRpNx+Te8PI=
golang.org/x/time v0.14.0/go.mod h1:eL/Oa2bBBK0TkX57Fyni+NgnyQQN4LitPmob2Hjnqw4=
golang.org/x/tools v0.23.0 h1:SGsXPZ+2l4JsgaCKkx+FQ9YZ5XEtA1GZYuoDjenLjvg=
golang.org/x/tools v0.23.0/go.mod h1:pnu6ufv6vQkll6szChhK3C3L/ruaIv5eBeztNG8wtsI=
golang.org/x/tools v0.24.0 h1:J1shsA93PJUEVaUSaay7UXAyE8aimq3GW0pjlolpa24=
golang.org/x/tools v0.24.0/go.mod h1:YhNqVBIfWHdzvTLs0d8LCuMhkKUgSUKldakyV7W/WDQ=
golang.org/x/tools v0.26.0 h1:v/60pFQmzmT9ExmjDv2gGIfi3OqfKoEP6I5+umXlbnQ=
golang.org/x/tools v0.26.0/go.mod h1:TPVVj70c7JJ3WCazhD8OdXcZg/og+b9+tH/KxylGwH0=
golang.org/x/tools v0.28.0 h1:WuB6qZ4RPCQo5aP3WdKZS7i595EdWqWR8vqJTlwTVK8=
golang.org/x/tools v0.28.0/go.mod h1:dcIOrVd3mfQKTgrDVQHqCPMWy6lnhfhtX3hLXYVLfRw=
golang.org/x/tools v0.29.0 h1:Xx0h3TtM9rzQpQuR4dKLrdglAmCEN5Oi+P74JdhdzXE=
golang.org/x/tools v0.29.0/go.mod h1:KMQVMRsVxU6nHCFXrBPhDB8XncLNLM0lIy/F14RP588=
golang.org/x/tools v0.31.0 h1:0EedkvKDbh+qistFTd0Bcwe/YLh4vHwWEkiI0toFIBU=
golang.org/x/tools v0.31.0/go.mod h1:naFTU+Cev749tSJRXJlna0T3WxKvb1kWEx15xA4SdmQ=
golang.org/x/tools v0.32.0 h1:Q7N1vhpkQv7ybVzLFtTjvQya2ewbwNDZzUgfXGqtMWU=
golang.org/x/tools v0.32.0/go.mod h1:ZxrU41P/wAbZD8EDa6dDCa6XfpkhJ7HFMjHJXfBDu8s=
golang.org/x/tools v0.33.0 h1:4qz2S3zmRxbGIhDIAgjxvFutSvH5EfnsYrRBj0UI0bc=
golang.org/x/tools v0.33.0/go.mod h1:CIJMaWEY88juyUfo7UbgPqbC8rU2OqfAV1h2Qp0oMYI=
golang.org/x/tools v0.35.0 h1:mBffYraMEf7aa0sB+NuKnuCy8qI/9Bughn8dC2Gu5r0=
golang.org/x/tools v0.35.0/go.mod h1:NKdj5HkL/73byiZSJjqJgKn3ep7KjFkBOkR/Hps3VPw=
golang.org/x/tools v0.36.0 h1:kWS0uv/zsvHEle1LbV5LE8QujrxB3wfQyxHfhOk0Qkg=
golang.org/x/tools v0.36.0/go.mod h1:WBDiHKJK8YgLHlcQPYQzNCkUxUypCaa5ZegCVutKm+s=
golang.org/x/tools v0.37.0 h1:DVSRzp7FwePZW356yEAChSdNcQo6Nsp+fex1SUW09lE=
golang.org/x/tools v0.37.0/go.mod h1:MBN5QPQtLMHVdvsbtarmTNukZDdgwdwlO5qGacAzF0w=
golang.org/x/tools v0.38.0 h1:Hx2Xv8hISq8Lm16jvBZ2VQf+RLmbd7wVUsALibYI/IQ=
golang.org/x/tools v0.38.0/go.mod h1:yEsQ/d/YK8cjh0L6rZlY8tgtlKiBNTL14pGDJPJpYQs=
golang.org/x/tools v0.39.0 h1:ik4ho21kwuQln40uelmciQPp9SipgNDdrafrYA4TmQQ=
golang.org/x/tools v0.39.0/go.mod h1:JnefbkDPyD8UU2kI5fuf8ZX4/yUeh9W877ZeBONxUqQ=
golang.org/x/xerrors v0.0.0-20191204190536-9bdfabe68543/go.mod h1:I/5z698sn9Ka8TeJc9MKroUUfqBBauWjQqLJ2OPfmY0=
gopkg.in/check.v1 v0.0.0-20161208181325-20d25e280405/go.mod h1:Co6ibVJAznAaIkqp8huTwlJQCZ016jof/cbN4VW5Yz0=
gopkg.in/sourcemap.v1 v1.0.5 h1:inv58fC9f9J3TK2Y2R1NPntXEn3/wjWHkonhIUODNTI=
gopkg.in/sourcemap.v1 v1.0.5/go.mod h1:2RlvNNSMglmRrcvhfuzp4hQHwOtjxlbjX7UPY/GXb78=
gopkg.in/yaml.v2 v2.2.2/go.mod h1:hI93XBmqTisBFMUTm0b8Fm+jr3Dg1NNxqwp+5A1VGuI=
gopkg.in/yaml.v3 v3.0.1 h1:fxVm/GzAzEWqLHuvctI91KS9hhNmmWOoWu0XTYJS7CA=
gopkg.in/yaml.v3 v3.0.1/go.mod h1:K4uyk7z7BCEPqu6E+C64Yfv1cQ7kz7rIZviUmN+EgEM=
