github.com/StackExchange/dnscontrol/v4 v4.30.0 h1:+0hKQ5VrWctgjccCCWK/56GZyZhRHxl4UbZGZO/VXZ4=
github.com/StackExchange/dnscontrol/v4 v4.30.0/go.mod h1:eXy38+eOHGGKPKzQBKHd7aXXH6NEopnjX6vk+7uccTI=
github.com/StackExchange/dnscontrol/v4 v4.31.0 h1:puRC7ysVWJ1XBpRAPVLlE6O94pBoIZ14I/LdyTRMCu8=
github.com/StackExchange/dnscontrol/v4 v4.31.0/go.mod h1:0CztEPoiPE5HSo+IIQK2wHQVQDY4O81pqStBNHHqZPI=
github.com/StackExchange/dnscontrol/v4 v4.31.1 h1:tLAgTdyCVyabTylNOilItSGIZLSKgYh2u/D+tJOgrfQ=
github.com/StackExchange/dnscontrol/v4 v4.31.1/go.mod h1:0CztEPoiPE5HSo+IIQK2wHQVQDY4O81pqStBNHHqZPI=
github.com/StackExchange/dnscontrol/v4 v4.32.0 h1:R8ZCpr4X6GenKzglQM2FFEQD3WbQqWFWKEfeNySqI08=
github.com/StackExchange/dnscontrol/v4 v4.32.0/go.mod h1:CrsRC5RGCMlBddKWh2k/nh0T8uCqiqUhWcBYaEJN8Ms=
github.com/cpuguy83/go-md2man/v2 v2.0.6/go.mod h1:oOW0eioCTA6cOiMLiUPZOpcVxMig6NIQQ7OS05n1F4g=
github.com/davecgh/go-spew v1.1.0/go.mod h1:J7Y8YcW2NihsgmVo/mv3lAwl/skON4iLHjSsI+c5H38=
github.com/davecgh/go-spew v1.1.1/go.mod h1:J7Y8YcW2NihsgmVo/mv3lAwl/skON4iLHjSsI+c5H38=
github.com/davecgh/go-spew v1.1.2-0.20180830191138-d8f796af33cc h1:U9qPSI2PIWSS1VwoXQT9A3Wy9MM3WgvqSxFWenqJduM=
github.com/davecgh/go-spew v1.1.2-0.20180830191138-d8f796af33cc/go.mod h1:J7Y8YcW2NihsgmVo/mv3lAwl/skON4iLHjSsI+c5H38=
github.com/fatih/color v1.18.0 h1:S8gINlzdQ840/4pfAwic/ZE0djQEH3wM94VfqLTZcOM=
github.com/fatih/color v1.18.0/go.mod h1:4FelSpRwEGDpQ12mAdzqdOukCy4u8WUtOY6lkT/6HfU=
github.com/gobwas/glob v0.2.4-0.20181002190808-e7a84e9525fe h1:zn8tqiUbec4wR94o7Qj3LZCAT6uGobhEgnDRg6isG5U=
github.com/gobwas/glob v0.2.4-0.20181002190808-e7a84e9525fe/go.mod h1:d3Ez4x06l9bZtSvzIay5+Yzi0fmZzPgnTbPcKjJAkT8=
github.com/google/go-cmp v0.6.0/go.mod h1:17dUlkBOakJ0+DkrSSNjCkIjxS6bF9zb3elmeNGIjoY=
github.com/google/go-cmp v0.7.0 h1:wk8382ETsv4JYUZwIsn6YpYiWiBsYLSJiTsyBybVuN8=
github.com/google/go-cmp v0.7.0/go.mod h1:pXiqmnSA92OHEEa9HXL2W4E7lf9JzCmGVUdgjX3N/iU=
github.com/google/go-querystring v1.2.0 h1:yhqkPbu2/OH+V9BfpCVPZkNmUXhb2gBxJArfhIxNtP0=
github.com/google/go-querystring v1.2.0/go.mod h1:8IFJqpSRITyJ8QhQ13bmbeMBDfmeEJZD5A0egEOmkqU=
github.com/hashicorp/go-cleanhttp v0.5.2 h1:035FKYIWjmULyFRBKPs8TBQoi0x6d9G4xc9neXJWAZQ=
github.com/hashicorp/go-cleanhttp v0.5.2/go.mod h1:kO/YDlP8L1346E6Sodw+PrpBSV4/SoxCXGY6BqNFT48=
github.com/hashicorp/go-hclog v1.6.3 h1:Qr2kF+eVWjTiYmU7Y31tYlP1h0q/X3Nl3tPGdaB11/k=
github.com/hashicorp/go-hclog v1.6.3/go.mod h1:W4Qnvbt70Wk/zYJryRzDRU/4r0kIg0PVHBcfoyhpF5M=
github.com/hashicorp/go-retryablehttp v0.7.8 h1:ylXZWnqa7Lhqpk0L1P1LzDtGcCR0rPVUrx/c8Unxc48=
github.com/hashicorp/go-retryablehttp v0.7.8/go.mod h1:rjiScheydd+CxvumBsIrFKlx3iS0jrZ7LvzFGFmuKbw=
github.com/inconshreveable/mousetrap v1.1.0 h1:wN+x4NVGpMsO7ErUn/mUI3vEoE6Jt13X2s0bqwp9tc8=
github.com/inconshreveable/mousetrap v1.1.0/go.mod h1:vpF70FUmC8bwa3OWnCshd2FqLfsEA9PFc4w1p2J65bw=
github.com/jinzhu/copier v0.4.0 h1:w3ciUoD19shMCRargcpm0cm91ytaBhDvuRpz1ODO/U8=
github.com/jinzhu/copier v0.4.0/go.mod h1:DfbEm0FYsaqBcKcFuvmOZb218JkPGtvSHsKg8S8hyyg=
github.com/kylelemons/godebug v1.1.0 h1:RPNrshWIDI6G2gRW9EHilWtl7Z6Sb1BR0xunSBf0SNc=
github.com/kylelemons/godebug v1.1.0/go.mod h1:9/0rRGxNHcop5bhtWyNeEfOS8JIWk580+fNqagV/RAw=
github.com/mattn/go-colorable v0.1.14 h1:9A9LHSqF/7dyVVX6g0U9cwm9pG3kP9gSzcuIPHPsaIE=
github.com/mattn/go-colorable v0.1.14/go.mod h1:6LmQG8QLFO4G5z1gPvYEzlUgJ2wF+stgPZH1UqBm1s8=
github.com/mattn/go-isatty v0.0.20 h1:xfD0iDuEKnDkl03q4limB+vH+GxLEtL/jb4xVJSWWEY=
github.com/mattn/go-isatty v0.0.20/go.mod h1:W+V8PltTTMOvKvAeJH7IuucS94S2C6jfK/D7dTCTo3Y=
github.com/miekg/dns v1.1.69 h1:Kb7Y/1Jo+SG+a2GtfoFUfDkG//csdRPwRLkCsxDG9Sc=
github.com/miekg/dns v1.1.69/go.mod h1:7OyjD9nEba5OkqQ/hB4fy3PIoxafSZJtducccIelz3g=
github.com/miekg/dns v1.1.70 h1:DZ4u2AV35VJxdD9Fo9fIWm119BsQL5cZU1cQ9s0LkqA=
github.com/miekg/dns v1.1.70/go.mod h1:+EuEPhdHOsfk6Wk5TT2CzssZdqkmFhf8r+aVyDEToIs=
github.com/miekg/dns v1.1.72 h1:vhmr+TF2A3tuoGNkLDFK9zi36F2LS+hKTRW0Uf8kbzI=
github.com/miekg/dns v1.1.72/go.mod h1:+EuEPhdHOsfk6Wk5TT2CzssZdqkmFhf8r+aVyDEToIs=
github.com/pkg/errors v0.9.1 h1:FEBLx1zS214owpjy7qsBeixbURkuhQAwrK5UwLGTwt4=
github.com/pkg/errors v0.9.1/go.mod h1:bwawxfHBFNV+L2hUp1rHADufV3IMtnDRdf1r5NINEl0=
github.com/pmezard/go-difflib v1.0.0/go.mod h1:iKH77koFhYxTK1pcRnkKkqfTogsbg7gZNVY4sRDYZ/4=
github.com/pmezard/go-difflib v1.0.1-0.20181226105442-5d4384ee4fb2 h1:Jamvg5psRIccs7FGNTlIRMkT8wgtp5eCXdBlqhYGL6U=
github.com/pmezard/go-difflib v1.0.1-0.20181226105442-5d4384ee4fb2/go.mod h1:iKH77koFhYxTK1pcRnkKkqfTogsbg7gZNVY4sRDYZ/4=
github.com/qdm12/reprint v0.0.0-20200326205758-722754a53494 h1:wSmWgpuccqS2IOfmYrbRiUgv+g37W5suLLLxwwniTSc=
github.com/qdm12/reprint v0.0.0-20200326205758-722754a53494/go.mod h1:yipyliwI08eQ6XwDm1fEwKPdF/xdbkiHtrU+1Hg+vc4=
github.com/robertkrimen/otto v0.5.1 h1:avDI4ToRk8k1hppLdYFTuuzND41n37vPGJU7547dGf0=
github.com/robertkrimen/otto v0.5.1/go.mod h1:bS433I4Q9p+E5pZLu7r17vP6FkE6/wLxBdmKjoqJXF8=
github.com/russross/blackfriday/v2 v2.1.0/go.mod h1:+Rmxgy9KzJVeS9/2gXHxylqXiyQDYRxCVz55jmeOWTM=
github.com/spf13/cobra v1.10.2 h1:DMTTonx5m65Ic0GOoRY2c16WCbHxOOw6xxezuLaBpcU=
github.com/spf13/cobra v1.10.2/go.mod h1:7C1pvHqHw5A4vrJfjNwvOdzYu0Gml16OCs2GRiTUUS4=
github.com/spf13/pflag v1.0.9/go.mod h1:McXfInJRrz4CZXVZOBLb0bTZqETkiAhM9Iw0y3An2Bg=
github.com/spf13/pflag v1.0.10 h1:4EBh2KAYBwaONj6b2Ye1GiHfwjqyROoF4RwYO+vPwFk=
github.com/spf13/pflag v1.0.10/go.mod h1:McXfInJRrz4CZXVZOBLb0bTZqETkiAhM9Iw0y3An2Bg=
github.com/stretchr/objx v0.1.0/go.mod h1:HFkY916IF+rwdDfMAkV7OtwuqBVzrE8GR6GFx+wExME=
github.com/stretchr/testify v1.4.0/go.mod h1:j7eGeouHqKxXV5pUuKE4zz7dFj8WfuZ+81PSLYec5m4=
github.com/stretchr/testify v1.11.1 h1:7s2iGBzp5EwR7/aIZr8ao5+dra3wiQyKjjFuvgVKu7U=
github.com/stretchr/testify v1.11.1/go.mod h1:wZwfW3scLgRK+23gO65QZefKpKQRnfz6sD981Nm4B6U=
github.com/xddxdd/ottoext v0.0.0-20221109171055-210517fa4419 h1:PT5KYEimicg1GRkBtBxCLcHWvMcBRGljOLwG/y4+T5c=
github.com/xddxdd/ottoext v0.0.0-20221109171055-210517fa4419/go.mod h1:BxZUa1xZ189Ww28wRT0LjHcmHgQmPh27hqfHIwET0ok=
gitlab.com/gitlab-org/api/client-go v1.11.0 h1:L+qzw4kiCf3jKdKHQAwiqYKITvzBrW/tl8ampxNLlv0=
gitlab.com/gitlab-org/api/client-go v1.11.0/go.mod h1:adtVJ4zSTEJ2fP5Pb1zF4Ox1OKFg0MH43yxpb0T0248=
gitlab.com/gitlab-org/api/client-go v1.12.0 h1:vYeraq+4eC/5Scir5nWve3LPxLoY5rgW2qRNUgjKS2k=
gitlab.com/gitlab-org/api/client-go v1.12.0/go.mod h1:adtVJ4zSTEJ2fP5Pb1zF4Ox1OKFg0MH43yxpb0T0248=
gitlab.com/gitlab-org/api/client-go v1.13.0 h1:MNH8a5UB4MgX2g0opJSWhHw2bfoWuWUoWXf/O/ppFC4=
gitlab.com/gitlab-org/api/client-go v1.13.0/go.mod h1:adtVJ4zSTEJ2fP5Pb1zF4Ox1OKFg0MH43yxpb0T0248=
gitlab.com/gitlab-org/api/client-go v1.14.0 h1:0TAU8zwN4p6ZMUnXLUEkSRmUr+mN4B3JQpdOp+PCpO8=
gitlab.com/gitlab-org/api/client-go v1.14.0/go.mod h1:adtVJ4zSTEJ2fP5Pb1zF4Ox1OKFg0MH43yxpb0T0248=
gitlab.com/gitlab-org/api/client-go v1.15.0 h1:dU8KZR7qjNruBxAcJgCSQUEVZDcD3KnfVf/Z7lu6Z/g=
gitlab.com/gitlab-org/api/client-go v1.15.0/go.mod h1:adtVJ4zSTEJ2fP5Pb1zF4Ox1OKFg0MH43yxpb0T0248=
gitlab.com/gitlab-org/api/client-go v1.16.0 h1:WbGrYnFCLx/FV+hE2XImIV60G7rdIBg8sZiJa+HWJ0s=
gitlab.com/gitlab-org/api/client-go v1.16.0/go.mod h1:ctGKgv9bErQHO0NOrfhoyFtKMAkBhUE7y53F2xHFAkE=
gitlab.com/gitlab-org/api/client-go v1.17.0 h1:4aVMqYyJONZXWHoH78wzhIMzWkzwqJ8cEPhJRQnUPFI=
gitlab.com/gitlab-org/api/client-go v1.17.0/go.mod h1:ctGKgv9bErQHO0NOrfhoyFtKMAkBhUE7y53F2xHFAkE=
gitlab.com/gitlab-org/api/client-go v1.18.0 h1:U3CbrRB0DqgOQ60ss8SJ2At3JHf+7QZJGaIUBkJiD9Y=
gitlab.com/gitlab-org/api/client-go v1.18.0/go.mod h1:ctGKgv9bErQHO0NOrfhoyFtKMAkBhUE7y53F2xHFAkE=
gitlab.com/gitlab-org/api/client-go v1.19.0 h1:6gRiXuoVeXbX2ijhpHtgYPWrrmNq0i2eG111O8L7+N4=
gitlab.com/gitlab-org/api/client-go v1.19.0/go.mod h1:ctGKgv9bErQHO0NOrfhoyFtKMAkBhUE7y53F2xHFAkE=
gitlab.com/gitlab-org/api/client-go v1.20.0 h1:DkiSmNMZ7FSzk1gm8g225Pv5qnSSJztXBVU8Zny7370=
gitlab.com/gitlab-org/api/client-go v1.20.0/go.mod h1:ctGKgv9bErQHO0NOrfhoyFtKMAkBhUE7y53F2xHFAkE=
gitlab.com/gitlab-org/api/client-go v1.21.0 h1:/wRGVTUKndZoew4FBW/Ev/EZalAsfH/mNa4kkFJwSUQ=
gitlab.com/gitlab-org/api/client-go v1.21.0/go.mod h1:ctGKgv9bErQHO0NOrfhoyFtKMAkBhUE7y53F2xHFAkE=
gitlab.com/gitlab-org/api/client-go v1.22.0 h1:BUYLVsjh8mHCDzjtUhGaXcHD0Rmfpkig5MNrqohd3dY=
gitlab.com/gitlab-org/api/client-go v1.22.0/go.mod h1:ctGKgv9bErQHO0NOrfhoyFtKMAkBhUE7y53F2xHFAkE=
gitlab.com/gitlab-org/api/client-go v1.22.1 h1:owanwi7F3pJVCFF7RrzZOtMWacGYuRCIuZBhFrmg7X4=
gitlab.com/gitlab-org/api/client-go v1.22.1/go.mod h1:ctGKgv9bErQHO0NOrfhoyFtKMAkBhUE7y53F2xHFAkE=
gitlab.com/gitlab-org/api/client-go v1.23.0 h1:EluTYNh/Y8OGzJ9vS03BLOlN6F69MPf/AEPTpkgi780=
gitlab.com/gitlab-org/api/client-go v1.23.0/go.mod h1:ctGKgv9bErQHO0NOrfhoyFtKMAkBhUE7y53F2xHFAkE=
gitlab.com/gitlab-org/api/client-go v1.24.0 h1:lTTuEw2oA3Ac5UOqLJ80tSusDclgq97zuqCTnXqlfHw=
gitlab.com/gitlab-org/api/client-go v1.24.0/go.mod h1:ctGKgv9bErQHO0NOrfhoyFtKMAkBhUE7y53F2xHFAkE=
go.uber.org/goleak v1.3.0 h1:2K3zAYmnTNqV73imy9J1T3WC+gmCePx2hEGkimedGto=
go.uber.org/goleak v1.3.0/go.mod h1:CoHD4mav9JJNrW/WLlf7HGZPjdw8EucARQHekz1X6bE=
go.uber.org/multierr v1.11.0 h1:blXXJkSxSSfBVBlC76pxqeO+LN3aDfLQo+309xJstO0=
go.uber.org/multierr v1.11.0/go.mod h1:20+QtiLqy0Nd6FdQB9TLXag12DsQkrbs3htMFfDN80Y=
go.uber.org/zap v1.27.1 h1:08RqriUEv8+ArZRYSTXy1LeBScaMpVSTBhCeaZYfMYc=
go.uber.org/zap v1.27.1/go.mod h1:GB2qFLM7cTU87MWRP2mPIjqfIDnGu+VIO4V/SdhGo2E=
go.yaml.in/yaml/v3 v3.0.4/go.mod h1:DhzuOOF2ATzADvBadXxruRBLzYTpT36CKvDb3+aBEFg=
golang.org/x/mod v0.31.0 h1:HaW9xtz0+kOcWKwli0ZXy79Ix+UW/vOfmWI5QVd2tgI=
golang.org/x/mod v0.31.0/go.mod h1:43JraMp9cGx1Rx3AqioxrbrhNsLl2l/iNAvuBkrezpg=
golang.org/x/mod v0.32.0 h1:9F4d3PHLljb6x//jOyokMv3eX+YDeepZSEo3mFJy93c=
golang.org/x/mod v0.32.0/go.mod h1:SgipZ/3h2Ci89DlEtEXWUk/HteuRin+HHhN+WbNhguU=
golang.org/x/net v0.48.0 h1:zyQRTTrjc33Lhh0fBgT/H3oZq9WuvRR5gPC70xpDiQU=
golang.org/x/net v0.48.0/go.mod h1:+ndRgGjkh8FGtu1w1FGbEC31if4VrNVMuKTgcAAnQRY=
golang.org/x/net v0.49.0 h1:eeHFmOGUTtaaPSGNmjBKpbng9MulQsJURQUAfUwY++o=
golang.org/x/net v0.49.0/go.mod h1:/ysNB2EvaqvesRkuLAyjI1ycPZlQHM3q01F02UY/MV8=
golang.org/x/oauth2 v0.34.0 h1:hqK/t4AKgbqWkdkcAeI8XLmbK+4m4G5YeQRrmiotGlw=
golang.org/x/oauth2 v0.34.0/go.mod h1:lzm5WQJQwKZ3nwavOZ3IS5Aulzxi68dUSgRHujetwEA=
golang.org/x/sync v0.19.0 h1:vV+1eWNmZ5geRlYjzm2adRgW2/mcpevXNg50YZtPCE4=
golang.org/x/sync v0.19.0/go.mod h1:9KTHXmSnoGruLpwFjVSX0lNNA75CykiMECbovNTZqGI=
golang.org/x/sys v0.6.0/go.mod h1:oPkhp1MJrh7nUepCBck5+mAzfO9JrbApNNgaTdGDITg=
golang.org/x/sys v0.40.0 h1:DBZZqJ2Rkml6QMQsZywtnjnnGvHza6BTfYFWY9kjEWQ=
golang.org/x/sys v0.40.0/go.mod h1:OgkHotnGiDImocRcuBABYBEXf8A9a87e/uXjp9XT3ks=
golang.org/x/text v0.32.0 h1:ZD01bjUt1FQ9WJ0ClOL5vxgxOI/sVCNgX1YtKwcY0mU=
golang.org/x/text v0.32.0/go.mod h1:o/rUWzghvpD5TXrTIBuJU77MTaN0ljMWE47kxGJQ7jY=
golang.org/x/text v0.33.0 h1:B3njUFyqtHDUI5jMn1YIr5B0IE2U0qck04r6d4KPAxE=
golang.org/x/text v0.33.0/go.mod h1:LuMebE6+rBincTi9+xWTY8TztLzKHc/9C1uBCG27+q8=
golang.org/x/time v0.14.0 h1:MRx4UaLrDotUKUdCIqzPC48t1Y9hANFKIRpNx+Te8PI=
golang.org/x/time v0.14.0/go.mod h1:eL/Oa2bBBK0TkX57Fyni+NgnyQQN4LitPmob2Hjnqw4=
golang.org/x/tools v0.40.0 h1:yLkxfA+Qnul4cs9QA3KnlFu0lVmd8JJfoq+E41uSutA=
golang.org/x/tools v0.40.0/go.mod h1:Ik/tzLRlbscWpqqMRjyWYDisX8bG13FrdXp3o4Sr9lc=
golang.org/x/tools v0.41.0 h1:a9b8iMweWG+S0OBnlU36rzLp20z1Rp10w+IY2czHTQc=
golang.org/x/tools v0.41.0/go.mod h1:XSY6eDqxVNiYgezAVqqCeihT4j1U2CCsqvH3WhQpnlg=
gopkg.in/check.v1 v0.0.0-20161208181325-20d25e280405/go.mod h1:Co6ibVJAznAaIkqp8huTwlJQCZ016jof/cbN4VW5Yz0=
gopkg.in/sourcemap.v1 v1.0.5 h1:inv58fC9f9J3TK2Y2R1NPntXEn3/wjWHkonhIUODNTI=
gopkg.in/sourcemap.v1 v1.0.5/go.mod h1:2RlvNNSMglmRrcvhfuzp4hQHwOtjxlbjX7UPY/GXb78=
gopkg.in/yaml.v2 v2.2.2/go.mod h1:hI93XBmqTisBFMUTm0b8Fm+jr3Dg1NNxqwp+5A1VGuI=
gopkg.in/yaml.v3 v3.0.1 h1:fxVm/GzAzEWqLHuvctI91KS9hhNmmWOoWu0XTYJS7CA=
gopkg.in/yaml.v3 v3.0.1/go.mod h1:K4uyk7z7BCEPqu6E+C64Yfv1cQ7kz7rIZviUmN+EgEM=
